// !$*UTF8*$!
{
	archiveVersion = 1;
	classes = {
	};
	objectVersion = 46;
	objects = {

/* Begin PBXBuildFile section */
		4105496C1D8021BC004F39E5 /* FRHyperLabel.m in Sources */ = {isa = PBXBuildFile; fileRef = 4105496B1D8021BC004F39E5 /* FRHyperLabel.m */; };
		4105496F1D8024D0004F39E5 /* Utils.swift in Sources */ = {isa = PBXBuildFile; fileRef = 4105496E1D8024D0004F39E5 /* Utils.swift */; };
		410549711D8112D2004F39E5 /* UIVerticalAlignLabel.swift in Sources */ = {isa = PBXBuildFile; fileRef = 410549701D8112D2004F39E5 /* UIVerticalAlignLabel.swift */; };
		410549781D817AB5004F39E5 /* ChapterStoryViewController.swift in Sources */ = {isa = PBXBuildFile; fileRef = 410549771D817AB5004F39E5 /* ChapterStoryViewController.swift */; };
		4105497D1D8264AB004F39E5 /* UINavigationBar+Custom.swift in Sources */ = {isa = PBXBuildFile; fileRef = 4105497A1D8264AB004F39E5 /* UINavigationBar+Custom.swift */; };
		4105497E1D8264AB004F39E5 /* CommonMainNavigationView.swift in Sources */ = {isa = PBXBuildFile; fileRef = 4105497B1D8264AB004F39E5 /* CommonMainNavigationView.swift */; };
		4105497F1D8264AB004F39E5 /* DiscoverNavigationBarCustom.swift in Sources */ = {isa = PBXBuildFile; fileRef = 4105497C1D8264AB004F39E5 /* DiscoverNavigationBarCustom.swift */; };
		414327E91D87AD0C00015F2F /* DatabaseHelper.swift in Sources */ = {isa = PBXBuildFile; fileRef = 414327E81D87AD0C00015F2F /* DatabaseHelper.swift */; };
		414327EB1D87E72F00015F2F /* altp_tet.sqlite3 in Resources */ = {isa = PBXBuildFile; fileRef = 414327EA1D87E72F00015F2F /* altp_tet.sqlite3 */; };
		414327ED1D87EDB200015F2F /* RequestModel.swift in Sources */ = {isa = PBXBuildFile; fileRef = 414327EC1D87EDB200015F2F /* RequestModel.swift */; };
		4155D1701D98F5EC00F92FBE /* NSDateHelper.swift in Sources */ = {isa = PBXBuildFile; fileRef = 4155D16F1D98F5EC00F92FBE /* NSDateHelper.swift */; };
		4155D1721D98F85D00F92FBE /* StoryTableViewCell2.swift in Sources */ = {isa = PBXBuildFile; fileRef = 4155D1711D98F85D00F92FBE /* StoryTableViewCell2.swift */; };
		41676E9B1DAB2C7D00A7991E /* GoogleService-Info.plist in Resources */ = {isa = PBXBuildFile; fileRef = 41676E9A1DAB2C7D00A7991E /* GoogleService-Info.plist */; };
		4167BCBF1D9ABAC7004B610B /* AdTableViewCell.swift in Sources */ = {isa = PBXBuildFile; fileRef = 4167BCBE1D9ABAC7004B610B /* AdTableViewCell.swift */; };
		41698BA31D65B7920017CA84 /* AppDelegate.swift in Sources */ = {isa = PBXBuildFile; fileRef = 41698BA21D65B7920017CA84 /* AppDelegate.swift */; };
		41698BA81D65B7920017CA84 /* Main.storyboard in Resources */ = {isa = PBXBuildFile; fileRef = 41698BA61D65B7920017CA84 /* Main.storyboard */; };
		41698BAA1D65B7920017CA84 /* Assets.xcassets in Resources */ = {isa = PBXBuildFile; fileRef = 41698BA91D65B7920017CA84 /* Assets.xcassets */; };
		41698BAD1D65B7920017CA84 /* LaunchScreen.storyboard in Resources */ = {isa = PBXBuildFile; fileRef = 41698BAB1D65B7920017CA84 /* LaunchScreen.storyboard */; };
		41698BB81D65B7930017CA84 /* FreeNovelOnlineTests.swift in Sources */ = {isa = PBXBuildFile; fileRef = 41698BB71D65B7930017CA84 /* FreeNovelOnlineTests.swift */; };
		41698BC31D65B7930017CA84 /* FreeNovelOnlineUITests.swift in Sources */ = {isa = PBXBuildFile; fileRef = 41698BC21D65B7930017CA84 /* FreeNovelOnlineUITests.swift */; };
		41698BD91D65C1BB0017CA84 /* libxml2.tbd in Frameworks */ = {isa = PBXBuildFile; fileRef = 41698BD81D65C1BB0017CA84 /* libxml2.tbd */; };
		41698BDB1D65C1C10017CA84 /* libxml2.2.tbd in Frameworks */ = {isa = PBXBuildFile; fileRef = 41698BDA1D65C1C10017CA84 /* libxml2.2.tbd */; };
		41698BE31D65C2590017CA84 /* TFHpple.m in Sources */ = {isa = PBXBuildFile; fileRef = 41698BDE1D65C2590017CA84 /* TFHpple.m */; };
		41698BE41D65C2590017CA84 /* TFHppleElement.m in Sources */ = {isa = PBXBuildFile; fileRef = 41698BE01D65C2590017CA84 /* TFHppleElement.m */; };
		41698BE51D65C2590017CA84 /* XPathQuery.m in Sources */ = {isa = PBXBuildFile; fileRef = 41698BE21D65C2590017CA84 /* XPathQuery.m */; };
		4197926E1D73CDB80068BBD5 /* StoryTableViewCell.swift in Sources */ = {isa = PBXBuildFile; fileRef = 4197926D1D73CDB80068BBD5 /* StoryTableViewCell.swift */; };
		419792721D740C1A0068BBD5 /* HomeViewController.swift in Sources */ = {isa = PBXBuildFile; fileRef = 419792711D740C1A0068BBD5 /* HomeViewController.swift */; };
		419792751D740C480068BBD5 /* BaseViewController.swift in Sources */ = {isa = PBXBuildFile; fileRef = 419792741D740C480068BBD5 /* BaseViewController.swift */; };
		419792781D740D3F0068BBD5 /* TabbarViewController.swift in Sources */ = {isa = PBXBuildFile; fileRef = 419792771D740D3F0068BBD5 /* TabbarViewController.swift */; };
		4197927C1D7426430068BBD5 /* RecentViewController.swift in Sources */ = {isa = PBXBuildFile; fileRef = 4197927B1D7426430068BBD5 /* RecentViewController.swift */; };
		4197927E1D7426580068BBD5 /* SavedViewController.swift in Sources */ = {isa = PBXBuildFile; fileRef = 4197927D1D7426580068BBD5 /* SavedViewController.swift */; };
		41A9F3F31DA2A288009BA9A0 /* SplashScreenViewController.swift in Sources */ = {isa = PBXBuildFile; fileRef = 41A9F3F21DA2A288009BA9A0 /* SplashScreenViewController.swift */; };
		41B86E9B1D9B45F600B277B4 /* DetailInfoStoryFootererCell.swift in Sources */ = {isa = PBXBuildFile; fileRef = 41B86E991D9B45F600B277B4 /* DetailInfoStoryFootererCell.swift */; };
		41B86E9C1D9B45F600B277B4 /* DetailInfoStoryFootererCell.xib in Resources */ = {isa = PBXBuildFile; fileRef = 41B86E9A1D9B45F600B277B4 /* DetailInfoStoryFootererCell.xib */; };
		41B86E9E1D9B904F00B277B4 /* HomeAdCollectionViewCell.swift in Sources */ = {isa = PBXBuildFile; fileRef = 41B86E9D1D9B904F00B277B4 /* HomeAdCollectionViewCell.swift */; };
		41BEF3301DC71ABB00BED5A2 /* BaseWebservice.swift in Sources */ = {isa = PBXBuildFile; fileRef = 41BEF32F1DC71ABB00BED5A2 /* BaseWebservice.swift */; };
		41BEF34A1DC835D100BED5A2 /* UIImage+Rotation.swift in Sources */ = {isa = PBXBuildFile; fileRef = 41BEF3341DC835D100BED5A2 /* UIImage+Rotation.swift */; };
		41BEF34B1DC835D100BED5A2 /* UIView+Radius.swift in Sources */ = {isa = PBXBuildFile; fileRef = 41BEF3351DC835D100BED5A2 /* UIView+Radius.swift */; };
		41BEF34C1DC835D100BED5A2 /* Info.plist in Resources */ = {isa = PBXBuildFile; fileRef = 41BEF3361DC835D100BED5A2 /* Info.plist */; };
		41BEF34D1DC835D100BED5A2 /* SKAnimator.swift in Sources */ = {isa = PBXBuildFile; fileRef = 41BEF3371DC835D100BED5A2 /* SKAnimator.swift */; };
		41BEF34E1DC835D100BED5A2 /* SKButtons.swift in Sources */ = {isa = PBXBuildFile; fileRef = 41BEF3381DC835D100BED5A2 /* SKButtons.swift */; };
		41BEF34F1DC835D100BED5A2 /* SKCache.swift in Sources */ = {isa = PBXBuildFile; fileRef = 41BEF3391DC835D100BED5A2 /* SKCache.swift */; };
		41BEF3501DC835D100BED5A2 /* SKCacheable.swift in Sources */ = {isa = PBXBuildFile; fileRef = 41BEF33A1DC835D100BED5A2 /* SKCacheable.swift */; };
		41BEF3511DC835D100BED5A2 /* SKCaptionView.swift in Sources */ = {isa = PBXBuildFile; fileRef = 41BEF33B1DC835D100BED5A2 /* SKCaptionView.swift */; };
		41BEF3521DC835D100BED5A2 /* SKDetectingImageView.swift in Sources */ = {isa = PBXBuildFile; fileRef = 41BEF33C1DC835D100BED5A2 /* SKDetectingImageView.swift */; };
		41BEF3531DC835D100BED5A2 /* SKDetectingView.swift in Sources */ = {isa = PBXBuildFile; fileRef = 41BEF33D1DC835D100BED5A2 /* SKDetectingView.swift */; };
		41BEF3541DC835D100BED5A2 /* SKIndicatorView.swift in Sources */ = {isa = PBXBuildFile; fileRef = 41BEF33E1DC835D100BED5A2 /* SKIndicatorView.swift */; };
		41BEF3551DC835D100BED5A2 /* SKLocalPhoto.swift in Sources */ = {isa = PBXBuildFile; fileRef = 41BEF33F1DC835D100BED5A2 /* SKLocalPhoto.swift */; };
		41BEF3561DC835D100BED5A2 /* SKMesurement.swift in Sources */ = {isa = PBXBuildFile; fileRef = 41BEF3401DC835D100BED5A2 /* SKMesurement.swift */; };
		41BEF3571DC835D100BED5A2 /* SKPagingScrollView.swift in Sources */ = {isa = PBXBuildFile; fileRef = 41BEF3411DC835D100BED5A2 /* SKPagingScrollView.swift */; };
		41BEF3581DC835D100BED5A2 /* SKPhoto.swift in Sources */ = {isa = PBXBuildFile; fileRef = 41BEF3421DC835D100BED5A2 /* SKPhoto.swift */; };
		41BEF3591DC835D100BED5A2 /* SKPhotoBrowser.bundle in Resources */ = {isa = PBXBuildFile; fileRef = 41BEF3431DC835D100BED5A2 /* SKPhotoBrowser.bundle */; };
		41BEF35A1DC835D100BED5A2 /* SKPhotoBrowser.swift in Sources */ = {isa = PBXBuildFile; fileRef = 41BEF3451DC835D100BED5A2 /* SKPhotoBrowser.swift */; };
		41BEF35B1DC835D100BED5A2 /* SKPhotoBrowserDelegate.swift in Sources */ = {isa = PBXBuildFile; fileRef = 41BEF3461DC835D100BED5A2 /* SKPhotoBrowserDelegate.swift */; };
		41BEF35C1DC835D100BED5A2 /* SKPhotoBrowserOptions.swift in Sources */ = {isa = PBXBuildFile; fileRef = 41BEF3471DC835D100BED5A2 /* SKPhotoBrowserOptions.swift */; };
		41BEF35D1DC835D100BED5A2 /* SKToolbar.swift in Sources */ = {isa = PBXBuildFile; fileRef = 41BEF3481DC835D100BED5A2 /* SKToolbar.swift */; };
		41BEF35E1DC835D100BED5A2 /* SKZoomingScrollView.swift in Sources */ = {isa = PBXBuildFile; fileRef = 41BEF3491DC835D100BED5A2 /* SKZoomingScrollView.swift */; };
		41BEF3651DC98EE400BED5A2 /* CloseButton.swift in Sources */ = {isa = PBXBuildFile; fileRef = 41BEF3601DC98EE400BED5A2 /* CloseButton.swift */; };
		41BEF3661DC98EE400BED5A2 /* Info.plist in Resources */ = {isa = PBXBuildFile; fileRef = 41BEF3611DC98EE400BED5A2 /* Info.plist */; };
		41BEF3671DC98EE400BED5A2 /* TagListView.swift in Sources */ = {isa = PBXBuildFile; fileRef = 41BEF3631DC98EE400BED5A2 /* TagListView.swift */; };
		41BEF3681DC98EE400BED5A2 /* TagView.swift in Sources */ = {isa = PBXBuildFile; fileRef = 41BEF3641DC98EE400BED5A2 /* TagView.swift */; };
		41BEF36A1DC990C500BED5A2 /* FilterTableViewCell.swift in Sources */ = {isa = PBXBuildFile; fileRef = 41BEF3691DC990C500BED5A2 /* FilterTableViewCell.swift */; };
		41CB6B321D82C82500B95660 /* ChapterTableViewCell.swift in Sources */ = {isa = PBXBuildFile; fileRef = 41CB6B311D82C82500B95660 /* ChapterTableViewCell.swift */; };
		41CB6B361D851AF700B95660 /* Constant.swift in Sources */ = {isa = PBXBuildFile; fileRef = 41CB6B351D851AF700B95660 /* Constant.swift */; };
		41CB6B391D85367200B95660 /* SearchStoryViewController.swift in Sources */ = {isa = PBXBuildFile; fileRef = 41CB6B381D85367200B95660 /* SearchStoryViewController.swift */; };
		41CB6B3B1D853BF300B95660 /* StoryTableViewCell1.swift in Sources */ = {isa = PBXBuildFile; fileRef = 41CB6B3A1D853BF300B95660 /* StoryTableViewCell1.swift */; };
		41CB6B3E1D85496300B95660 /* FilterStoryViewController.swift in Sources */ = {isa = PBXBuildFile; fileRef = 41CB6B3D1D85496300B95660 /* FilterStoryViewController.swift */; };
		41DFC2BC1DC040DA00239CC2 /* LoadImageManager.swift in Sources */ = {isa = PBXBuildFile; fileRef = 41DFC2BB1DC040DA00239CC2 /* LoadImageManager.swift */; };
		41DFC2BF1DC1BF5A00239CC2 /* PopulerViewController.swift in Sources */ = {isa = PBXBuildFile; fileRef = 41DFC2BE1DC1BF5A00239CC2 /* PopulerViewController.swift */; };
		41E839921D7D00710004804E /* LoadImgWebservice.swift in Sources */ = {isa = PBXBuildFile; fileRef = 41E839911D7D00710004804E /* LoadImgWebservice.swift */; };
		41E839951D7D40A40004804E /* DetailInfoStoryViewController.swift in Sources */ = {isa = PBXBuildFile; fileRef = 41E839941D7D40A40004804E /* DetailInfoStoryViewController.swift */; };
		41E839981D7D464A0004804E /* DetailInfoStoryTableViewCell.swift in Sources */ = {isa = PBXBuildFile; fileRef = 41E839971D7D464A0004804E /* DetailInfoStoryTableViewCell.swift */; };
		41E8399C1D7D49FC0004804E /* DetailInfoStoryHeaderCell.swift in Sources */ = {isa = PBXBuildFile; fileRef = 41E8399B1D7D49FC0004804E /* DetailInfoStoryHeaderCell.swift */; };
		41E8399E1D7D4A0C0004804E /* DetailInfoStoryHeaderCell.xib in Resources */ = {isa = PBXBuildFile; fileRef = 41E8399D1D7D4A0C0004804E /* DetailInfoStoryHeaderCell.xib */; };
		41E839A01D7D87BF0004804E /* StoryInfoModel.swift in Sources */ = {isa = PBXBuildFile; fileRef = 41E8399F1D7D87BF0004804E /* StoryInfoModel.swift */; };
		41E839A21D7D87F50004804E /* Item.swift in Sources */ = {isa = PBXBuildFile; fileRef = 41E839A11D7D87F50004804E /* Item.swift */; };
		41E839A41D7D882B0004804E /* StoryFullInfoModel.swift in Sources */ = {isa = PBXBuildFile; fileRef = 41E839A31D7D882B0004804E /* StoryFullInfoModel.swift */; };
		41EEB90B1D926F8700CD27B2 /* SVIndefiniteAnimatedView.m in Sources */ = {isa = PBXBuildFile; fileRef = 41EEB9071D926F8700CD27B2 /* SVIndefiniteAnimatedView.m */; };
		41EEB90C1D926F8700CD27B2 /* SVProgressHUD.bundle in Resources */ = {isa = PBXBuildFile; fileRef = 41EEB9081D926F8700CD27B2 /* SVProgressHUD.bundle */; };
		41EEB90D1D926F8700CD27B2 /* SVProgressHUD.m in Sources */ = {isa = PBXBuildFile; fileRef = 41EEB90A1D926F8700CD27B2 /* SVProgressHUD.m */; };
		41FA35AA1D771C890013E0F0 /* HomeCollectionViewCell.swift in Sources */ = {isa = PBXBuildFile; fileRef = 41FA35A91D771C890013E0F0 /* HomeCollectionViewCell.swift */; };
		503B51E45ED24B313301309B /* Pods_FreeNovelOnline.framework in Frameworks */ = {isa = PBXBuildFile; fileRef = 65F238141F722D9679E61A18 /* Pods_FreeNovelOnline.framework */; };
		E28F8F19CB218239C28E93DB /* Pods_FreeNovelOnlineTests.framework in Frameworks */ = {isa = PBXBuildFile; fileRef = B88F9EF63B328D187013E62A /* Pods_FreeNovelOnlineTests.framework */; };
		E2C711BB3B9BE26850FE1CAB /* Pods_FreeNovelOnlineUITests.framework in Frameworks */ = {isa = PBXBuildFile; fileRef = FE808C806CF29AB0282F29F2 /* Pods_FreeNovelOnlineUITests.framework */; };
		FD2ED7671DE43E5C007C1949 /* FilterPopularStoryViewController.swift in Sources */ = {isa = PBXBuildFile; fileRef = FD2ED7661DE43E5C007C1949 /* FilterPopularStoryViewController.swift */; };
		FD2ED7951DE7D6DA007C1949 /* LastestUpdateViewController.swift in Sources */ = {isa = PBXBuildFile; fileRef = FD2ED7931DE7D6DA007C1949 /* LastestUpdateViewController.swift */; };
		FD2ED7961DE7D6DA007C1949 /* StoryTableViewCell3.swift in Sources */ = {isa = PBXBuildFile; fileRef = FD2ED7941DE7D6DA007C1949 /* StoryTableViewCell3.swift */; };
		FD484A4B1DF5471D009FB630 /* StoryTableViewCell4.swift in Sources */ = {isa = PBXBuildFile; fileRef = FD484A4A1DF5471D009FB630 /* StoryTableViewCell4.swift */; };
		FD5897531DFA87CD00A60D39 /* bubbleShooterAndroid-master.zip in Resources */ = {isa = PBXBuildFile; fileRef = FD5897521DFA87CD00A60D39 /* bubbleShooterAndroid-master.zip */; };
		FD5897551DFA880B00A60D39 /* KM-Bubble-Shooter-master.zip in Resources */ = {isa = PBXBuildFile; fileRef = FD5897541DFA880B00A60D39 /* KM-Bubble-Shooter-master.zip */; };
/* End PBXBuildFile section */

/* Begin PBXContainerItemProxy section */
		41698BB41D65B7930017CA84 /* PBXContainerItemProxy */ = {
			isa = PBXContainerItemProxy;
			containerPortal = 41698B971D65B7910017CA84 /* Project object */;
			proxyType = 1;
			remoteGlobalIDString = 41698B9E1D65B7920017CA84;
			remoteInfo = FreeNovelOnline;
		};
		41698BBF1D65B7930017CA84 /* PBXContainerItemProxy */ = {
			isa = PBXContainerItemProxy;
			containerPortal = 41698B971D65B7910017CA84 /* Project object */;
			proxyType = 1;
			remoteGlobalIDString = 41698B9E1D65B7920017CA84;
			remoteInfo = FreeNovelOnline;
		};
/* End PBXContainerItemProxy section */

/* Begin PBXFileReference section */
		0F417D9D3CDFCAA22E9071FD /* Pods-FreeNovelOnline.debug.xcconfig */ = {isa = PBXFileReference; includeInIndex = 1; lastKnownFileType = text.xcconfig; name = "Pods-FreeNovelOnline.debug.xcconfig"; path = "Pods/Target Support Files/Pods-FreeNovelOnline/Pods-FreeNovelOnline.debug.xcconfig"; sourceTree = "<group>"; };
		123D293324D8246D077AFC19 /* Pods-FreeNovelOnlineTests.debug.xcconfig */ = {isa = PBXFileReference; includeInIndex = 1; lastKnownFileType = text.xcconfig; name = "Pods-FreeNovelOnlineTests.debug.xcconfig"; path = "Pods/Target Support Files/Pods-FreeNovelOnlineTests/Pods-FreeNovelOnlineTests.debug.xcconfig"; sourceTree = "<group>"; };
		3C9AEEB9DF28E24EBEED8CC0 /* Pods-FreeNovelOnlineTests.release.xcconfig */ = {isa = PBXFileReference; includeInIndex = 1; lastKnownFileType = text.xcconfig; name = "Pods-FreeNovelOnlineTests.release.xcconfig"; path = "Pods/Target Support Files/Pods-FreeNovelOnlineTests/Pods-FreeNovelOnlineTests.release.xcconfig"; sourceTree = "<group>"; };
		4105496A1D8021BC004F39E5 /* FRHyperLabel.h */ = {isa = PBXFileReference; fileEncoding = 4; lastKnownFileType = sourcecode.c.h; path = FRHyperLabel.h; sourceTree = "<group>"; };
		4105496B1D8021BC004F39E5 /* FRHyperLabel.m */ = {isa = PBXFileReference; fileEncoding = 4; lastKnownFileType = sourcecode.c.objc; path = FRHyperLabel.m; sourceTree = "<group>"; };
		4105496E1D8024D0004F39E5 /* Utils.swift */ = {isa = PBXFileReference; fileEncoding = 4; lastKnownFileType = sourcecode.swift; path = Utils.swift; sourceTree = "<group>"; };
		410549701D8112D2004F39E5 /* UIVerticalAlignLabel.swift */ = {isa = PBXFileReference; fileEncoding = 4; lastKnownFileType = sourcecode.swift; path = UIVerticalAlignLabel.swift; sourceTree = "<group>"; };
		410549771D817AB5004F39E5 /* ChapterStoryViewController.swift */ = {isa = PBXFileReference; fileEncoding = 4; lastKnownFileType = sourcecode.swift; path = ChapterStoryViewController.swift; sourceTree = "<group>"; };
		4105497A1D8264AB004F39E5 /* UINavigationBar+Custom.swift */ = {isa = PBXFileReference; fileEncoding = 4; lastKnownFileType = sourcecode.swift; path = "UINavigationBar+Custom.swift"; sourceTree = "<group>"; };
		4105497B1D8264AB004F39E5 /* CommonMainNavigationView.swift */ = {isa = PBXFileReference; fileEncoding = 4; lastKnownFileType = sourcecode.swift; path = CommonMainNavigationView.swift; sourceTree = "<group>"; };
		4105497C1D8264AB004F39E5 /* DiscoverNavigationBarCustom.swift */ = {isa = PBXFileReference; fileEncoding = 4; lastKnownFileType = sourcecode.swift; path = DiscoverNavigationBarCustom.swift; sourceTree = "<group>"; };
		414327E81D87AD0C00015F2F /* DatabaseHelper.swift */ = {isa = PBXFileReference; fileEncoding = 4; lastKnownFileType = sourcecode.swift; path = DatabaseHelper.swift; sourceTree = "<group>"; };
		414327EA1D87E72F00015F2F /* altp_tet.sqlite3 */ = {isa = PBXFileReference; lastKnownFileType = file; path = altp_tet.sqlite3; sourceTree = "<group>"; };
		414327EC1D87EDB200015F2F /* RequestModel.swift */ = {isa = PBXFileReference; fileEncoding = 4; lastKnownFileType = sourcecode.swift; path = RequestModel.swift; sourceTree = "<group>"; };
		4155D16F1D98F5EC00F92FBE /* NSDateHelper.swift */ = {isa = PBXFileReference; fileEncoding = 4; lastKnownFileType = sourcecode.swift; path = NSDateHelper.swift; sourceTree = "<group>"; };
		4155D1711D98F85D00F92FBE /* StoryTableViewCell2.swift */ = {isa = PBXFileReference; fileEncoding = 4; lastKnownFileType = sourcecode.swift; path = StoryTableViewCell2.swift; sourceTree = "<group>"; };
		41676E9A1DAB2C7D00A7991E /* GoogleService-Info.plist */ = {isa = PBXFileReference; fileEncoding = 4; lastKnownFileType = text.plist.xml; path = "GoogleService-Info.plist"; sourceTree = "<group>"; };
		4167BCBE1D9ABAC7004B610B /* AdTableViewCell.swift */ = {isa = PBXFileReference; fileEncoding = 4; lastKnownFileType = sourcecode.swift; path = AdTableViewCell.swift; sourceTree = "<group>"; };
		41698B9F1D65B7920017CA84 /* FreeNovelOnline.app */ = {isa = PBXFileReference; explicitFileType = wrapper.application; includeInIndex = 0; path = FreeNovelOnline.app; sourceTree = BUILT_PRODUCTS_DIR; };
		41698BA21D65B7920017CA84 /* AppDelegate.swift */ = {isa = PBXFileReference; lastKnownFileType = sourcecode.swift; path = AppDelegate.swift; sourceTree = "<group>"; };
		41698BA71D65B7920017CA84 /* Base */ = {isa = PBXFileReference; lastKnownFileType = file.storyboard; name = Base; path = Base.lproj/Main.storyboard; sourceTree = "<group>"; };
		41698BA91D65B7920017CA84 /* Assets.xcassets */ = {isa = PBXFileReference; lastKnownFileType = folder.assetcatalog; path = Assets.xcassets; sourceTree = "<group>"; };
		41698BAC1D65B7920017CA84 /* Base */ = {isa = PBXFileReference; lastKnownFileType = file.storyboard; name = Base; path = Base.lproj/LaunchScreen.storyboard; sourceTree = "<group>"; };
		41698BAE1D65B7920017CA84 /* Info.plist */ = {isa = PBXFileReference; lastKnownFileType = text.plist.xml; path = Info.plist; sourceTree = "<group>"; };
		41698BB31D65B7930017CA84 /* FreeNovelOnlineTests.xctest */ = {isa = PBXFileReference; explicitFileType = wrapper.cfbundle; includeInIndex = 0; path = FreeNovelOnlineTests.xctest; sourceTree = BUILT_PRODUCTS_DIR; };
		41698BB71D65B7930017CA84 /* FreeNovelOnlineTests.swift */ = {isa = PBXFileReference; lastKnownFileType = sourcecode.swift; path = FreeNovelOnlineTests.swift; sourceTree = "<group>"; };
		41698BB91D65B7930017CA84 /* Info.plist */ = {isa = PBXFileReference; lastKnownFileType = text.plist.xml; path = Info.plist; sourceTree = "<group>"; };
		41698BBE1D65B7930017CA84 /* FreeNovelOnlineUITests.xctest */ = {isa = PBXFileReference; explicitFileType = wrapper.cfbundle; includeInIndex = 0; path = FreeNovelOnlineUITests.xctest; sourceTree = BUILT_PRODUCTS_DIR; };
		41698BC21D65B7930017CA84 /* FreeNovelOnlineUITests.swift */ = {isa = PBXFileReference; lastKnownFileType = sourcecode.swift; path = FreeNovelOnlineUITests.swift; sourceTree = "<group>"; };
		41698BC41D65B7930017CA84 /* Info.plist */ = {isa = PBXFileReference; lastKnownFileType = text.plist.xml; path = Info.plist; sourceTree = "<group>"; };
		41698BD81D65C1BB0017CA84 /* libxml2.tbd */ = {isa = PBXFileReference; lastKnownFileType = "sourcecode.text-based-dylib-definition"; name = libxml2.tbd; path = usr/lib/libxml2.tbd; sourceTree = SDKROOT; };
		41698BDA1D65C1C10017CA84 /* libxml2.2.tbd */ = {isa = PBXFileReference; lastKnownFileType = "sourcecode.text-based-dylib-definition"; name = libxml2.2.tbd; path = usr/lib/libxml2.2.tbd; sourceTree = SDKROOT; };
		41698BDD1D65C2590017CA84 /* TFHpple.h */ = {isa = PBXFileReference; fileEncoding = 4; lastKnownFileType = sourcecode.c.h; path = TFHpple.h; sourceTree = "<group>"; };
		41698BDE1D65C2590017CA84 /* TFHpple.m */ = {isa = PBXFileReference; fileEncoding = 4; lastKnownFileType = sourcecode.c.objc; path = TFHpple.m; sourceTree = "<group>"; };
		41698BDF1D65C2590017CA84 /* TFHppleElement.h */ = {isa = PBXFileReference; fileEncoding = 4; lastKnownFileType = sourcecode.c.h; path = TFHppleElement.h; sourceTree = "<group>"; };
		41698BE01D65C2590017CA84 /* TFHppleElement.m */ = {isa = PBXFileReference; fileEncoding = 4; lastKnownFileType = sourcecode.c.objc; path = TFHppleElement.m; sourceTree = "<group>"; };
		41698BE11D65C2590017CA84 /* XPathQuery.h */ = {isa = PBXFileReference; fileEncoding = 4; lastKnownFileType = sourcecode.c.h; path = XPathQuery.h; sourceTree = "<group>"; };
		41698BE21D65C2590017CA84 /* XPathQuery.m */ = {isa = PBXFileReference; fileEncoding = 4; lastKnownFileType = sourcecode.c.objc; path = XPathQuery.m; sourceTree = "<group>"; };
		4197926D1D73CDB80068BBD5 /* StoryTableViewCell.swift */ = {isa = PBXFileReference; fileEncoding = 4; lastKnownFileType = sourcecode.swift; path = StoryTableViewCell.swift; sourceTree = "<group>"; };
		4197926F1D73ED880068BBD5 /* FreeNovelOnline-Bridging-Header.h */ = {isa = PBXFileReference; lastKnownFileType = sourcecode.c.h; path = "FreeNovelOnline-Bridging-Header.h"; sourceTree = "<group>"; };
		419792711D740C1A0068BBD5 /* HomeViewController.swift */ = {isa = PBXFileReference; fileEncoding = 4; lastKnownFileType = sourcecode.swift; path = HomeViewController.swift; sourceTree = "<group>"; };
		419792741D740C480068BBD5 /* BaseViewController.swift */ = {isa = PBXFileReference; fileEncoding = 4; lastKnownFileType = sourcecode.swift; path = BaseViewController.swift; sourceTree = "<group>"; };
		419792771D740D3F0068BBD5 /* TabbarViewController.swift */ = {isa = PBXFileReference; fileEncoding = 4; lastKnownFileType = sourcecode.swift; path = TabbarViewController.swift; sourceTree = "<group>"; };
		4197927B1D7426430068BBD5 /* RecentViewController.swift */ = {isa = PBXFileReference; fileEncoding = 4; lastKnownFileType = sourcecode.swift; path = RecentViewController.swift; sourceTree = "<group>"; };
		4197927D1D7426580068BBD5 /* SavedViewController.swift */ = {isa = PBXFileReference; fileEncoding = 4; lastKnownFileType = sourcecode.swift; path = SavedViewController.swift; sourceTree = "<group>"; };
		41A9F3F21DA2A288009BA9A0 /* SplashScreenViewController.swift */ = {isa = PBXFileReference; fileEncoding = 4; lastKnownFileType = sourcecode.swift; path = SplashScreenViewController.swift; sourceTree = "<group>"; };
		41B86E991D9B45F600B277B4 /* DetailInfoStoryFootererCell.swift */ = {isa = PBXFileReference; fileEncoding = 4; lastKnownFileType = sourcecode.swift; path = DetailInfoStoryFootererCell.swift; sourceTree = "<group>"; };
		41B86E9A1D9B45F600B277B4 /* DetailInfoStoryFootererCell.xib */ = {isa = PBXFileReference; fileEncoding = 4; lastKnownFileType = file.xib; path = DetailInfoStoryFootererCell.xib; sourceTree = "<group>"; };
		41B86E9D1D9B904F00B277B4 /* HomeAdCollectionViewCell.swift */ = {isa = PBXFileReference; fileEncoding = 4; lastKnownFileType = sourcecode.swift; path = HomeAdCollectionViewCell.swift; sourceTree = "<group>"; };
		41BEF32F1DC71ABB00BED5A2 /* BaseWebservice.swift */ = {isa = PBXFileReference; fileEncoding = 4; lastKnownFileType = sourcecode.swift; path = BaseWebservice.swift; sourceTree = "<group>"; };
		41BEF3341DC835D100BED5A2 /* UIImage+Rotation.swift */ = {isa = PBXFileReference; fileEncoding = 4; lastKnownFileType = sourcecode.swift; path = "UIImage+Rotation.swift"; sourceTree = "<group>"; };
		41BEF3351DC835D100BED5A2 /* UIView+Radius.swift */ = {isa = PBXFileReference; fileEncoding = 4; lastKnownFileType = sourcecode.swift; path = "UIView+Radius.swift"; sourceTree = "<group>"; };
		41BEF3361DC835D100BED5A2 /* Info.plist */ = {isa = PBXFileReference; fileEncoding = 4; lastKnownFileType = text.plist.xml; path = Info.plist; sourceTree = "<group>"; };
		41BEF3371DC835D100BED5A2 /* SKAnimator.swift */ = {isa = PBXFileReference; fileEncoding = 4; lastKnownFileType = sourcecode.swift; path = SKAnimator.swift; sourceTree = "<group>"; };
		41BEF3381DC835D100BED5A2 /* SKButtons.swift */ = {isa = PBXFileReference; fileEncoding = 4; lastKnownFileType = sourcecode.swift; path = SKButtons.swift; sourceTree = "<group>"; };
		41BEF3391DC835D100BED5A2 /* SKCache.swift */ = {isa = PBXFileReference; fileEncoding = 4; lastKnownFileType = sourcecode.swift; path = SKCache.swift; sourceTree = "<group>"; };
		41BEF33A1DC835D100BED5A2 /* SKCacheable.swift */ = {isa = PBXFileReference; fileEncoding = 4; lastKnownFileType = sourcecode.swift; path = SKCacheable.swift; sourceTree = "<group>"; };
		41BEF33B1DC835D100BED5A2 /* SKCaptionView.swift */ = {isa = PBXFileReference; fileEncoding = 4; lastKnownFileType = sourcecode.swift; path = SKCaptionView.swift; sourceTree = "<group>"; };
		41BEF33C1DC835D100BED5A2 /* SKDetectingImageView.swift */ = {isa = PBXFileReference; fileEncoding = 4; lastKnownFileType = sourcecode.swift; path = SKDetectingImageView.swift; sourceTree = "<group>"; };
		41BEF33D1DC835D100BED5A2 /* SKDetectingView.swift */ = {isa = PBXFileReference; fileEncoding = 4; lastKnownFileType = sourcecode.swift; path = SKDetectingView.swift; sourceTree = "<group>"; };
		41BEF33E1DC835D100BED5A2 /* SKIndicatorView.swift */ = {isa = PBXFileReference; fileEncoding = 4; lastKnownFileType = sourcecode.swift; path = SKIndicatorView.swift; sourceTree = "<group>"; };
		41BEF33F1DC835D100BED5A2 /* SKLocalPhoto.swift */ = {isa = PBXFileReference; fileEncoding = 4; lastKnownFileType = sourcecode.swift; path = SKLocalPhoto.swift; sourceTree = "<group>"; };
		41BEF3401DC835D100BED5A2 /* SKMesurement.swift */ = {isa = PBXFileReference; fileEncoding = 4; lastKnownFileType = sourcecode.swift; path = SKMesurement.swift; sourceTree = "<group>"; };
		41BEF3411DC835D100BED5A2 /* SKPagingScrollView.swift */ = {isa = PBXFileReference; fileEncoding = 4; lastKnownFileType = sourcecode.swift; path = SKPagingScrollView.swift; sourceTree = "<group>"; };
		41BEF3421DC835D100BED5A2 /* SKPhoto.swift */ = {isa = PBXFileReference; fileEncoding = 4; lastKnownFileType = sourcecode.swift; path = SKPhoto.swift; sourceTree = "<group>"; };
		41BEF3431DC835D100BED5A2 /* SKPhotoBrowser.bundle */ = {isa = PBXFileReference; lastKnownFileType = "wrapper.plug-in"; path = SKPhotoBrowser.bundle; sourceTree = "<group>"; };
		41BEF3441DC835D100BED5A2 /* SKPhotoBrowser.h */ = {isa = PBXFileReference; fileEncoding = 4; lastKnownFileType = sourcecode.c.h; path = SKPhotoBrowser.h; sourceTree = "<group>"; };
		41BEF3451DC835D100BED5A2 /* SKPhotoBrowser.swift */ = {isa = PBXFileReference; fileEncoding = 4; lastKnownFileType = sourcecode.swift; path = SKPhotoBrowser.swift; sourceTree = "<group>"; };
		41BEF3461DC835D100BED5A2 /* SKPhotoBrowserDelegate.swift */ = {isa = PBXFileReference; fileEncoding = 4; lastKnownFileType = sourcecode.swift; path = SKPhotoBrowserDelegate.swift; sourceTree = "<group>"; };
		41BEF3471DC835D100BED5A2 /* SKPhotoBrowserOptions.swift */ = {isa = PBXFileReference; fileEncoding = 4; lastKnownFileType = sourcecode.swift; path = SKPhotoBrowserOptions.swift; sourceTree = "<group>"; };
		41BEF3481DC835D100BED5A2 /* SKToolbar.swift */ = {isa = PBXFileReference; fileEncoding = 4; lastKnownFileType = sourcecode.swift; path = SKToolbar.swift; sourceTree = "<group>"; };
		41BEF3491DC835D100BED5A2 /* SKZoomingScrollView.swift */ = {isa = PBXFileReference; fileEncoding = 4; lastKnownFileType = sourcecode.swift; path = SKZoomingScrollView.swift; sourceTree = "<group>"; };
		41BEF3601DC98EE400BED5A2 /* CloseButton.swift */ = {isa = PBXFileReference; fileEncoding = 4; lastKnownFileType = sourcecode.swift; path = CloseButton.swift; sourceTree = "<group>"; };
		41BEF3611DC98EE400BED5A2 /* Info.plist */ = {isa = PBXFileReference; fileEncoding = 4; lastKnownFileType = text.plist.xml; path = Info.plist; sourceTree = "<group>"; };
		41BEF3621DC98EE400BED5A2 /* TagListView.h */ = {isa = PBXFileReference; fileEncoding = 4; lastKnownFileType = sourcecode.c.h; path = TagListView.h; sourceTree = "<group>"; };
		41BEF3631DC98EE400BED5A2 /* TagListView.swift */ = {isa = PBXFileReference; fileEncoding = 4; lastKnownFileType = sourcecode.swift; path = TagListView.swift; sourceTree = "<group>"; };
		41BEF3641DC98EE400BED5A2 /* TagView.swift */ = {isa = PBXFileReference; fileEncoding = 4; lastKnownFileType = sourcecode.swift; path = TagView.swift; sourceTree = "<group>"; };
		41BEF3691DC990C500BED5A2 /* FilterTableViewCell.swift */ = {isa = PBXFileReference; fileEncoding = 4; lastKnownFileType = sourcecode.swift; path = FilterTableViewCell.swift; sourceTree = "<group>"; };
		41CB6B311D82C82500B95660 /* ChapterTableViewCell.swift */ = {isa = PBXFileReference; fileEncoding = 4; lastKnownFileType = sourcecode.swift; path = ChapterTableViewCell.swift; sourceTree = "<group>"; };
		41CB6B351D851AF700B95660 /* Constant.swift */ = {isa = PBXFileReference; fileEncoding = 4; lastKnownFileType = sourcecode.swift; path = Constant.swift; sourceTree = "<group>"; };
		41CB6B381D85367200B95660 /* SearchStoryViewController.swift */ = {isa = PBXFileReference; fileEncoding = 4; lastKnownFileType = sourcecode.swift; path = SearchStoryViewController.swift; sourceTree = "<group>"; };
		41CB6B3A1D853BF300B95660 /* StoryTableViewCell1.swift */ = {isa = PBXFileReference; fileEncoding = 4; lastKnownFileType = sourcecode.swift; path = StoryTableViewCell1.swift; sourceTree = "<group>"; };
		41CB6B3D1D85496300B95660 /* FilterStoryViewController.swift */ = {isa = PBXFileReference; fileEncoding = 4; lastKnownFileType = sourcecode.swift; path = FilterStoryViewController.swift; sourceTree = "<group>"; };
		41DFC2BB1DC040DA00239CC2 /* LoadImageManager.swift */ = {isa = PBXFileReference; fileEncoding = 4; lastKnownFileType = sourcecode.swift; path = LoadImageManager.swift; sourceTree = "<group>"; };
		41DFC2BE1DC1BF5A00239CC2 /* PopulerViewController.swift */ = {isa = PBXFileReference; fileEncoding = 4; lastKnownFileType = sourcecode.swift; path = PopulerViewController.swift; sourceTree = "<group>"; };
		41E839911D7D00710004804E /* LoadImgWebservice.swift */ = {isa = PBXFileReference; fileEncoding = 4; lastKnownFileType = sourcecode.swift; path = LoadImgWebservice.swift; sourceTree = "<group>"; };
		41E839941D7D40A40004804E /* DetailInfoStoryViewController.swift */ = {isa = PBXFileReference; fileEncoding = 4; lastKnownFileType = sourcecode.swift; path = DetailInfoStoryViewController.swift; sourceTree = "<group>"; };
		41E839971D7D464A0004804E /* DetailInfoStoryTableViewCell.swift */ = {isa = PBXFileReference; fileEncoding = 4; lastKnownFileType = sourcecode.swift; path = DetailInfoStoryTableViewCell.swift; sourceTree = "<group>"; };
		41E8399B1D7D49FC0004804E /* DetailInfoStoryHeaderCell.swift */ = {isa = PBXFileReference; fileEncoding = 4; lastKnownFileType = sourcecode.swift; path = DetailInfoStoryHeaderCell.swift; sourceTree = "<group>"; };
		41E8399D1D7D4A0C0004804E /* DetailInfoStoryHeaderCell.xib */ = {isa = PBXFileReference; fileEncoding = 4; lastKnownFileType = file.xib; path = DetailInfoStoryHeaderCell.xib; sourceTree = "<group>"; };
		41E8399F1D7D87BF0004804E /* StoryInfoModel.swift */ = {isa = PBXFileReference; fileEncoding = 4; lastKnownFileType = sourcecode.swift; path = StoryInfoModel.swift; sourceTree = "<group>"; };
		41E839A11D7D87F50004804E /* Item.swift */ = {isa = PBXFileReference; fileEncoding = 4; lastKnownFileType = sourcecode.swift; path = Item.swift; sourceTree = "<group>"; };
		41E839A31D7D882B0004804E /* StoryFullInfoModel.swift */ = {isa = PBXFileReference; fileEncoding = 4; lastKnownFileType = sourcecode.swift; path = StoryFullInfoModel.swift; sourceTree = "<group>"; };
		41EEB9061D926F8700CD27B2 /* SVIndefiniteAnimatedView.h */ = {isa = PBXFileReference; fileEncoding = 4; lastKnownFileType = sourcecode.c.h; path = SVIndefiniteAnimatedView.h; sourceTree = "<group>"; };
		41EEB9071D926F8700CD27B2 /* SVIndefiniteAnimatedView.m */ = {isa = PBXFileReference; fileEncoding = 4; lastKnownFileType = sourcecode.c.objc; path = SVIndefiniteAnimatedView.m; sourceTree = "<group>"; };
		41EEB9081D926F8700CD27B2 /* SVProgressHUD.bundle */ = {isa = PBXFileReference; lastKnownFileType = "wrapper.plug-in"; path = SVProgressHUD.bundle; sourceTree = "<group>"; };
		41EEB9091D926F8700CD27B2 /* SVProgressHUD.h */ = {isa = PBXFileReference; fileEncoding = 4; lastKnownFileType = sourcecode.c.h; path = SVProgressHUD.h; sourceTree = "<group>"; };
		41EEB90A1D926F8700CD27B2 /* SVProgressHUD.m */ = {isa = PBXFileReference; fileEncoding = 4; lastKnownFileType = sourcecode.c.objc; path = SVProgressHUD.m; sourceTree = "<group>"; };
		41FA35A91D771C890013E0F0 /* HomeCollectionViewCell.swift */ = {isa = PBXFileReference; fileEncoding = 4; lastKnownFileType = sourcecode.swift; path = HomeCollectionViewCell.swift; sourceTree = "<group>"; };
		4E9ED9116729A650F656B205 /* Pods-FreeNovelOnline.release.xcconfig */ = {isa = PBXFileReference; includeInIndex = 1; lastKnownFileType = text.xcconfig; name = "Pods-FreeNovelOnline.release.xcconfig"; path = "Pods/Target Support Files/Pods-FreeNovelOnline/Pods-FreeNovelOnline.release.xcconfig"; sourceTree = "<group>"; };
		65F238141F722D9679E61A18 /* Pods_FreeNovelOnline.framework */ = {isa = PBXFileReference; explicitFileType = wrapper.framework; includeInIndex = 0; path = Pods_FreeNovelOnline.framework; sourceTree = BUILT_PRODUCTS_DIR; };
		6FFD8046260BF01F1A441EB8 /* Pods-FreeNovelOnlineUITests.release.xcconfig */ = {isa = PBXFileReference; includeInIndex = 1; lastKnownFileType = text.xcconfig; name = "Pods-FreeNovelOnlineUITests.release.xcconfig"; path = "Pods/Target Support Files/Pods-FreeNovelOnlineUITests/Pods-FreeNovelOnlineUITests.release.xcconfig"; sourceTree = "<group>"; };
		B88F9EF63B328D187013E62A /* Pods_FreeNovelOnlineTests.framework */ = {isa = PBXFileReference; explicitFileType = wrapper.framework; includeInIndex = 0; path = Pods_FreeNovelOnlineTests.framework; sourceTree = BUILT_PRODUCTS_DIR; };
		E58BA13EC4E4EAF05C7D793D /* Pods-FreeNovelOnlineUITests.debug.xcconfig */ = {isa = PBXFileReference; includeInIndex = 1; lastKnownFileType = text.xcconfig; name = "Pods-FreeNovelOnlineUITests.debug.xcconfig"; path = "Pods/Target Support Files/Pods-FreeNovelOnlineUITests/Pods-FreeNovelOnlineUITests.debug.xcconfig"; sourceTree = "<group>"; };
		FD2ED7661DE43E5C007C1949 /* FilterPopularStoryViewController.swift */ = {isa = PBXFileReference; fileEncoding = 4; lastKnownFileType = sourcecode.swift; path = FilterPopularStoryViewController.swift; sourceTree = "<group>"; };
		FD2ED7931DE7D6DA007C1949 /* LastestUpdateViewController.swift */ = {isa = PBXFileReference; fileEncoding = 4; lastKnownFileType = sourcecode.swift; path = LastestUpdateViewController.swift; sourceTree = "<group>"; };
		FD2ED7941DE7D6DA007C1949 /* StoryTableViewCell3.swift */ = {isa = PBXFileReference; fileEncoding = 4; lastKnownFileType = sourcecode.swift; path = StoryTableViewCell3.swift; sourceTree = "<group>"; };
		FD484A4A1DF5471D009FB630 /* StoryTableViewCell4.swift */ = {isa = PBXFileReference; fileEncoding = 4; lastKnownFileType = sourcecode.swift; path = StoryTableViewCell4.swift; sourceTree = "<group>"; };
		FD5897521DFA87CD00A60D39 /* bubbleShooterAndroid-master.zip */ = {isa = PBXFileReference; lastKnownFileType = archive.zip; path = "bubbleShooterAndroid-master.zip"; sourceTree = "<group>"; };
		FD5897541DFA880B00A60D39 /* KM-Bubble-Shooter-master.zip */ = {isa = PBXFileReference; lastKnownFileType = archive.zip; path = "KM-Bubble-Shooter-master.zip"; sourceTree = "<group>"; };
		FE808C806CF29AB0282F29F2 /* Pods_FreeNovelOnlineUITests.framework */ = {isa = PBXFileReference; explicitFileType = wrapper.framework; includeInIndex = 0; path = Pods_FreeNovelOnlineUITests.framework; sourceTree = BUILT_PRODUCTS_DIR; };
/* End PBXFileReference section */

/* Begin PBXFrameworksBuildPhase section */
		41698B9C1D65B7920017CA84 /* Frameworks */ = {
			isa = PBXFrameworksBuildPhase;
			buildActionMask = 2147483647;
			files = (
				41698BDB1D65C1C10017CA84 /* libxml2.2.tbd in Frameworks */,
				41698BD91D65C1BB0017CA84 /* libxml2.tbd in Frameworks */,
				503B51E45ED24B313301309B /* Pods_FreeNovelOnline.framework in Frameworks */,
			);
			runOnlyForDeploymentPostprocessing = 0;
		};
		41698BB01D65B7930017CA84 /* Frameworks */ = {
			isa = PBXFrameworksBuildPhase;
			buildActionMask = 2147483647;
			files = (
				E28F8F19CB218239C28E93DB /* Pods_FreeNovelOnlineTests.framework in Frameworks */,
			);
			runOnlyForDeploymentPostprocessing = 0;
		};
		41698BBB1D65B7930017CA84 /* Frameworks */ = {
			isa = PBXFrameworksBuildPhase;
			buildActionMask = 2147483647;
			files = (
				E2C711BB3B9BE26850FE1CAB /* Pods_FreeNovelOnlineUITests.framework in Frameworks */,
			);
			runOnlyForDeploymentPostprocessing = 0;
		};
/* End PBXFrameworksBuildPhase section */

/* Begin PBXGroup section */
		10674D9825DCB565D715B4A9 /* Frameworks */ = {
			isa = PBXGroup;
			children = (
				41698BDA1D65C1C10017CA84 /* libxml2.2.tbd */,
				41698BD81D65C1BB0017CA84 /* libxml2.tbd */,
				65F238141F722D9679E61A18 /* Pods_FreeNovelOnline.framework */,
				B88F9EF63B328D187013E62A /* Pods_FreeNovelOnlineTests.framework */,
				FE808C806CF29AB0282F29F2 /* Pods_FreeNovelOnlineUITests.framework */,
			);
			name = Frameworks;
			sourceTree = "<group>";
		};
		410549691D8021BC004F39E5 /* HyperLabel */ = {
			isa = PBXGroup;
			children = (
				4105496A1D8021BC004F39E5 /* FRHyperLabel.h */,
				4105496B1D8021BC004F39E5 /* FRHyperLabel.m */,
			);
			path = HyperLabel;
			sourceTree = "<group>";
		};
		4105496D1D8024BB004F39E5 /* Utils */ = {
			isa = PBXGroup;
			children = (
				FD5897541DFA880B00A60D39 /* KM-Bubble-Shooter-master.zip */,
				FD5897521DFA87CD00A60D39 /* bubbleShooterAndroid-master.zip */,
				4155D16F1D98F5EC00F92FBE /* NSDateHelper.swift */,
				4105496E1D8024D0004F39E5 /* Utils.swift */,
				41CB6B351D851AF700B95660 /* Constant.swift */,
			);
			path = Utils;
			sourceTree = "<group>";
		};
		410549721D8172A1004F39E5 /* UI */ = {
			isa = PBXGroup;
			children = (
				FD2ED7921DE7D6DA007C1949 /* LastestUpdateViewController */,
				41DFC2BD1DC1BF5A00239CC2 /* PopulerViewController */,
				410549791D82649E004F39E5 /* CommonView */,
				410549731D817A51004F39E5 /* ReadStoryViewController */,
				41E839931D7D40760004804E /* DetailInfoStoryViewController */,
				419792791D7426200068BBD5 /* RecentViewController */,
				4197927A1D7426200068BBD5 /* SavedViewController */,
				419792761D740C740068BBD5 /* TabbarViewController */,
				419792731D740C310068BBD5 /* BaseViewController */,
				419792701D740BE90068BBD5 /* HomeViewController */,
				4197926C1D73CD6E0068BBD5 /* TableCell */,
			);
			name = UI;
			sourceTree = "<group>";
		};
		410549731D817A51004F39E5 /* ReadStoryViewController */ = {
			isa = PBXGroup;
			children = (
				410549761D817AA2004F39E5 /* ChapterStoryViewController */,
				41DFC2BB1DC040DA00239CC2 /* LoadImageManager.swift */,
			);
			path = ReadStoryViewController;
			sourceTree = "<group>";
		};
		410549761D817AA2004F39E5 /* ChapterStoryViewController */ = {
			isa = PBXGroup;
			children = (
				410549771D817AB5004F39E5 /* ChapterStoryViewController.swift */,
				41CB6B311D82C82500B95660 /* ChapterTableViewCell.swift */,
				4167BCBE1D9ABAC7004B610B /* AdTableViewCell.swift */,
			);
			path = ChapterStoryViewController;
			sourceTree = "<group>";
		};
		410549791D82649E004F39E5 /* CommonView */ = {
			isa = PBXGroup;
			children = (
				4105497A1D8264AB004F39E5 /* UINavigationBar+Custom.swift */,
				4105497B1D8264AB004F39E5 /* CommonMainNavigationView.swift */,
				4105497C1D8264AB004F39E5 /* DiscoverNavigationBarCustom.swift */,
			);
			path = CommonView;
			sourceTree = "<group>";
		};
		414327E71D87ACC700015F2F /* DatabaseHelper */ = {
			isa = PBXGroup;
			children = (
				414327E81D87AD0C00015F2F /* DatabaseHelper.swift */,
			);
			path = DatabaseHelper;
			sourceTree = "<group>";
		};
		415D843C1D90E4F500E34CF0 /* Db */ = {
			isa = PBXGroup;
			children = (
				414327EA1D87E72F00015F2F /* altp_tet.sqlite3 */,
			);
			name = Db;
			sourceTree = "<group>";
		};
		41698B961D65B7910017CA84 = {
			isa = PBXGroup;
			children = (
				41698BA11D65B7920017CA84 /* FreeNovelOnline */,
				41698BB61D65B7930017CA84 /* FreeNovelOnlineTests */,
				41698BC11D65B7930017CA84 /* FreeNovelOnlineUITests */,
				41698BA01D65B7920017CA84 /* Products */,
				F1DECB207036A003B259F629 /* Pods */,
				10674D9825DCB565D715B4A9 /* Frameworks */,
			);
			sourceTree = "<group>";
		};
		41698BA01D65B7920017CA84 /* Products */ = {
			isa = PBXGroup;
			children = (
				41698B9F1D65B7920017CA84 /* FreeNovelOnline.app */,
				41698BB31D65B7930017CA84 /* FreeNovelOnlineTests.xctest */,
				41698BBE1D65B7930017CA84 /* FreeNovelOnlineUITests.xctest */,
			);
			name = Products;
			sourceTree = "<group>";
		};
		41698BA11D65B7920017CA84 /* FreeNovelOnline */ = {
			isa = PBXGroup;
			children = (
				410549721D8172A1004F39E5 /* UI */,
				4105496D1D8024BB004F39E5 /* Utils */,
				41E839901D7D00570004804E /* Webservice */,
				41FA35AB1D771EA20013E0F0 /* Model */,
				41698BD01D65C15F0017CA84 /* ThirtParty */,
				414327E71D87ACC700015F2F /* DatabaseHelper */,
				41698BA21D65B7920017CA84 /* AppDelegate.swift */,
				41698BA61D65B7920017CA84 /* Main.storyboard */,
				415D843C1D90E4F500E34CF0 /* Db */,
				41698BA91D65B7920017CA84 /* Assets.xcassets */,
				41698BAB1D65B7920017CA84 /* LaunchScreen.storyboard */,
				41A9F3F21DA2A288009BA9A0 /* SplashScreenViewController.swift */,
				41676E9A1DAB2C7D00A7991E /* GoogleService-Info.plist */,
				41698BAE1D65B7920017CA84 /* Info.plist */,
			);
			path = FreeNovelOnline;
			sourceTree = "<group>";
		};
		41698BB61D65B7930017CA84 /* FreeNovelOnlineTests */ = {
			isa = PBXGroup;
			children = (
				41698BB71D65B7930017CA84 /* FreeNovelOnlineTests.swift */,
				41698BB91D65B7930017CA84 /* Info.plist */,
			);
			path = FreeNovelOnlineTests;
			sourceTree = "<group>";
		};
		41698BC11D65B7930017CA84 /* FreeNovelOnlineUITests */ = {
			isa = PBXGroup;
			children = (
				41698BC21D65B7930017CA84 /* FreeNovelOnlineUITests.swift */,
				41698BC41D65B7930017CA84 /* Info.plist */,
			);
			path = FreeNovelOnlineUITests;
			sourceTree = "<group>";
		};
		41698BD01D65C15F0017CA84 /* ThirtParty */ = {
			isa = PBXGroup;
			children = (
				41BEF35F1DC98EE400BED5A2 /* TagListView */,
				41BEF3321DC835D000BED5A2 /* SKPhotoBrowser */,
				41EEB9051D926F8700CD27B2 /* SVProgressHUD */,
				410549701D8112D2004F39E5 /* UIVerticalAlignLabel.swift */,
				410549691D8021BC004F39E5 /* HyperLabel */,
				4197926F1D73ED880068BBD5 /* FreeNovelOnline-Bridging-Header.h */,
				41698BD11D65C1680017CA84 /* NDHpple */,
			);
			path = ThirtParty;
			sourceTree = "<group>";
		};
		41698BD11D65C1680017CA84 /* NDHpple */ = {
			isa = PBXGroup;
			children = (
				41698BDD1D65C2590017CA84 /* TFHpple.h */,
				41698BDE1D65C2590017CA84 /* TFHpple.m */,
				41698BDF1D65C2590017CA84 /* TFHppleElement.h */,
				41698BE01D65C2590017CA84 /* TFHppleElement.m */,
				41698BE11D65C2590017CA84 /* XPathQuery.h */,
				41698BE21D65C2590017CA84 /* XPathQuery.m */,
			);
			path = NDHpple;
			sourceTree = "<group>";
		};
		4197926C1D73CD6E0068BBD5 /* TableCell */ = {
			isa = PBXGroup;
			children = (
				4197926D1D73CDB80068BBD5 /* StoryTableViewCell.swift */,
			);
			path = TableCell;
			sourceTree = "<group>";
		};
		419792701D740BE90068BBD5 /* HomeViewController */ = {
			isa = PBXGroup;
			children = (
				41CB6B3C1D85490300B95660 /* FilterStoryViewController */,
				41CB6B371D85363E00B95660 /* SearchStoryViewController */,
				41FA35A81D771C4D0013E0F0 /* Cell */,
				419792711D740C1A0068BBD5 /* HomeViewController.swift */,
			);
			path = HomeViewController;
			sourceTree = "<group>";
		};
		419792731D740C310068BBD5 /* BaseViewController */ = {
			isa = PBXGroup;
			children = (
				419792741D740C480068BBD5 /* BaseViewController.swift */,
			);
			path = BaseViewController;
			sourceTree = "<group>";
		};
		419792761D740C740068BBD5 /* TabbarViewController */ = {
			isa = PBXGroup;
			children = (
				419792771D740D3F0068BBD5 /* TabbarViewController.swift */,
			);
			path = TabbarViewController;
			sourceTree = "<group>";
		};
		419792791D7426200068BBD5 /* RecentViewController */ = {
			isa = PBXGroup;
			children = (
				4155D1711D98F85D00F92FBE /* StoryTableViewCell2.swift */,
				4197927B1D7426430068BBD5 /* RecentViewController.swift */,
			);
			path = RecentViewController;
			sourceTree = "<group>";
		};
		4197927A1D7426200068BBD5 /* SavedViewController */ = {
			isa = PBXGroup;
			children = (
				FD484A4A1DF5471D009FB630 /* StoryTableViewCell4.swift */,
				4197927D1D7426580068BBD5 /* SavedViewController.swift */,
			);
			name = SavedViewController;
			path = SaveViewController;
			sourceTree = "<group>";
		};
		41BEF3321DC835D000BED5A2 /* SKPhotoBrowser */ = {
			isa = PBXGroup;
			children = (
				41BEF3331DC835D100BED5A2 /* extensions */,
				41BEF3361DC835D100BED5A2 /* Info.plist */,
				41BEF3371DC835D100BED5A2 /* SKAnimator.swift */,
				41BEF3381DC835D100BED5A2 /* SKButtons.swift */,
				41BEF3391DC835D100BED5A2 /* SKCache.swift */,
				41BEF33A1DC835D100BED5A2 /* SKCacheable.swift */,
				41BEF33B1DC835D100BED5A2 /* SKCaptionView.swift */,
				41BEF33C1DC835D100BED5A2 /* SKDetectingImageView.swift */,
				41BEF33D1DC835D100BED5A2 /* SKDetectingView.swift */,
				41BEF33E1DC835D100BED5A2 /* SKIndicatorView.swift */,
				41BEF33F1DC835D100BED5A2 /* SKLocalPhoto.swift */,
				41BEF3401DC835D100BED5A2 /* SKMesurement.swift */,
				41BEF3411DC835D100BED5A2 /* SKPagingScrollView.swift */,
				41BEF3421DC835D100BED5A2 /* SKPhoto.swift */,
				41BEF3431DC835D100BED5A2 /* SKPhotoBrowser.bundle */,
				41BEF3441DC835D100BED5A2 /* SKPhotoBrowser.h */,
				41BEF3451DC835D100BED5A2 /* SKPhotoBrowser.swift */,
				41BEF3461DC835D100BED5A2 /* SKPhotoBrowserDelegate.swift */,
				41BEF3471DC835D100BED5A2 /* SKPhotoBrowserOptions.swift */,
				41BEF3481DC835D100BED5A2 /* SKToolbar.swift */,
				41BEF3491DC835D100BED5A2 /* SKZoomingScrollView.swift */,
			);
			path = SKPhotoBrowser;
			sourceTree = "<group>";
		};
		41BEF3331DC835D100BED5A2 /* extensions */ = {
			isa = PBXGroup;
			children = (
				41BEF3341DC835D100BED5A2 /* UIImage+Rotation.swift */,
				41BEF3351DC835D100BED5A2 /* UIView+Radius.swift */,
			);
			path = extensions;
			sourceTree = "<group>";
		};
		41BEF35F1DC98EE400BED5A2 /* TagListView */ = {
			isa = PBXGroup;
			children = (
				41BEF3601DC98EE400BED5A2 /* CloseButton.swift */,
				41BEF3611DC98EE400BED5A2 /* Info.plist */,
				41BEF3621DC98EE400BED5A2 /* TagListView.h */,
				41BEF3631DC98EE400BED5A2 /* TagListView.swift */,
				41BEF3641DC98EE400BED5A2 /* TagView.swift */,
			);
			path = TagListView;
			sourceTree = "<group>";
		};
		41CB6B371D85363E00B95660 /* SearchStoryViewController */ = {
			isa = PBXGroup;
			children = (
				41CB6B381D85367200B95660 /* SearchStoryViewController.swift */,
				41CB6B3A1D853BF300B95660 /* StoryTableViewCell1.swift */,
			);
			path = SearchStoryViewController;
			sourceTree = "<group>";
		};
		41CB6B3C1D85490300B95660 /* FilterStoryViewController */ = {
			isa = PBXGroup;
			children = (
				41D5BF041D8680E000DA00EB /* cell */,
				41CB6B3D1D85496300B95660 /* FilterStoryViewController.swift */,
			);
			path = FilterStoryViewController;
			sourceTree = "<group>";
		};
		41D5BF041D8680E000DA00EB /* cell */ = {
			isa = PBXGroup;
			children = (
				41BEF3691DC990C500BED5A2 /* FilterTableViewCell.swift */,
			);
			name = cell;
			sourceTree = "<group>";
		};
		41DFC2BD1DC1BF5A00239CC2 /* PopulerViewController */ = {
			isa = PBXGroup;
			children = (
				FD2ED7661DE43E5C007C1949 /* FilterPopularStoryViewController.swift */,
				41DFC2BE1DC1BF5A00239CC2 /* PopulerViewController.swift */,
			);
			path = PopulerViewController;
			sourceTree = "<group>";
		};
		41E839901D7D00570004804E /* Webservice */ = {
			isa = PBXGroup;
			children = (
				41BEF32F1DC71ABB00BED5A2 /* BaseWebservice.swift */,
				41E839911D7D00710004804E /* LoadImgWebservice.swift */,
			);
			path = Webservice;
			sourceTree = "<group>";
		};
		41E839931D7D40760004804E /* DetailInfoStoryViewController */ = {
			isa = PBXGroup;
			children = (
				41E839961D7D460C0004804E /* Cell */,
				41E839941D7D40A40004804E /* DetailInfoStoryViewController.swift */,
			);
			path = DetailInfoStoryViewController;
			sourceTree = "<group>";
		};
		41E839961D7D460C0004804E /* Cell */ = {
			isa = PBXGroup;
			children = (
				41B86E991D9B45F600B277B4 /* DetailInfoStoryFootererCell.swift */,
				41B86E9A1D9B45F600B277B4 /* DetailInfoStoryFootererCell.xib */,
				41E839971D7D464A0004804E /* DetailInfoStoryTableViewCell.swift */,
				41E8399B1D7D49FC0004804E /* DetailInfoStoryHeaderCell.swift */,
				41E8399D1D7D4A0C0004804E /* DetailInfoStoryHeaderCell.xib */,
			);
			name = Cell;
			sourceTree = "<group>";
		};
		41EEB9051D926F8700CD27B2 /* SVProgressHUD */ = {
			isa = PBXGroup;
			children = (
				41EEB9061D926F8700CD27B2 /* SVIndefiniteAnimatedView.h */,
				41EEB9071D926F8700CD27B2 /* SVIndefiniteAnimatedView.m */,
				41EEB9081D926F8700CD27B2 /* SVProgressHUD.bundle */,
				41EEB9091D926F8700CD27B2 /* SVProgressHUD.h */,
				41EEB90A1D926F8700CD27B2 /* SVProgressHUD.m */,
			);
			path = SVProgressHUD;
			sourceTree = "<group>";
		};
		41FA35A81D771C4D0013E0F0 /* Cell */ = {
			isa = PBXGroup;
			children = (
				41FA35A91D771C890013E0F0 /* HomeCollectionViewCell.swift */,
				41B86E9D1D9B904F00B277B4 /* HomeAdCollectionViewCell.swift */,
			);
			name = Cell;
			sourceTree = "<group>";
		};
		41FA35AB1D771EA20013E0F0 /* Model */ = {
			isa = PBXGroup;
			children = (
				41E8399F1D7D87BF0004804E /* StoryInfoModel.swift */,
				41E839A11D7D87F50004804E /* Item.swift */,
				41E839A31D7D882B0004804E /* StoryFullInfoModel.swift */,
				414327EC1D87EDB200015F2F /* RequestModel.swift */,
			);
			path = Model;
			sourceTree = "<group>";
		};
		F1DECB207036A003B259F629 /* Pods */ = {
			isa = PBXGroup;
			children = (
				0F417D9D3CDFCAA22E9071FD /* Pods-FreeNovelOnline.debug.xcconfig */,
				4E9ED9116729A650F656B205 /* Pods-FreeNovelOnline.release.xcconfig */,
				123D293324D8246D077AFC19 /* Pods-FreeNovelOnlineTests.debug.xcconfig */,
				3C9AEEB9DF28E24EBEED8CC0 /* Pods-FreeNovelOnlineTests.release.xcconfig */,
				E58BA13EC4E4EAF05C7D793D /* Pods-FreeNovelOnlineUITests.debug.xcconfig */,
				6FFD8046260BF01F1A441EB8 /* Pods-FreeNovelOnlineUITests.release.xcconfig */,
			);
			name = Pods;
			sourceTree = "<group>";
		};
		FD2ED7921DE7D6DA007C1949 /* LastestUpdateViewController */ = {
			isa = PBXGroup;
			children = (
				FD2ED7931DE7D6DA007C1949 /* LastestUpdateViewController.swift */,
				FD2ED7941DE7D6DA007C1949 /* StoryTableViewCell3.swift */,
			);
			path = LastestUpdateViewController;
			sourceTree = "<group>";
		};
/* End PBXGroup section */

/* Begin PBXNativeTarget section */
		41698B9E1D65B7920017CA84 /* FreeNovelOnline */ = {
			isa = PBXNativeTarget;
			buildConfigurationList = 41698BC71D65B7930017CA84 /* Build configuration list for PBXNativeTarget "FreeNovelOnline" */;
			buildPhases = (
				4DB094B401141B20F005EA82 /* [CP] Check Pods Manifest.lock */,
				41698B9B1D65B7920017CA84 /* Sources */,
				41698B9C1D65B7920017CA84 /* Frameworks */,
				41698B9D1D65B7920017CA84 /* Resources */,
				8E4AB630F7DB1EEADB1FB9E9 /* [CP] Embed Pods Frameworks */,
				999B9362C9B99DC183DE7BDE /* [CP] Copy Pods Resources */,
			);
			buildRules = (
			);
			dependencies = (
			);
			name = FreeNovelOnline;
			productName = FreeNovelOnline;
			productReference = 41698B9F1D65B7920017CA84 /* FreeNovelOnline.app */;
			productType = "com.apple.product-type.application";
		};
		41698BB21D65B7930017CA84 /* FreeNovelOnlineTests */ = {
			isa = PBXNativeTarget;
			buildConfigurationList = 41698BCA1D65B7930017CA84 /* Build configuration list for PBXNativeTarget "FreeNovelOnlineTests" */;
			buildPhases = (
				B6055B5027964EC555234A6B /* [CP] Check Pods Manifest.lock */,
				41698BAF1D65B7930017CA84 /* Sources */,
				41698BB01D65B7930017CA84 /* Frameworks */,
				41698BB11D65B7930017CA84 /* Resources */,
				6CAA6096BD1BEE480C5BD904 /* [CP] Embed Pods Frameworks */,
				D5F57F7049D37C92C210F69E /* [CP] Copy Pods Resources */,
			);
			buildRules = (
			);
			dependencies = (
				41698BB51D65B7930017CA84 /* PBXTargetDependency */,
			);
			name = FreeNovelOnlineTests;
			productName = FreeNovelOnlineTests;
			productReference = 41698BB31D65B7930017CA84 /* FreeNovelOnlineTests.xctest */;
			productType = "com.apple.product-type.bundle.unit-test";
		};
		41698BBD1D65B7930017CA84 /* FreeNovelOnlineUITests */ = {
			isa = PBXNativeTarget;
			buildConfigurationList = 41698BCD1D65B7930017CA84 /* Build configuration list for PBXNativeTarget "FreeNovelOnlineUITests" */;
			buildPhases = (
				719B2C0B3436167AA367B5C8 /* [CP] Check Pods Manifest.lock */,
				41698BBA1D65B7930017CA84 /* Sources */,
				41698BBB1D65B7930017CA84 /* Frameworks */,
				41698BBC1D65B7930017CA84 /* Resources */,
				540931588E3BA1637575B29F /* [CP] Copy Pods Resources */,
			);
			buildRules = (
			);
			dependencies = (
				41698BC01D65B7930017CA84 /* PBXTargetDependency */,
			);
			name = FreeNovelOnlineUITests;
			productName = FreeNovelOnlineUITests;
			productReference = 41698BBE1D65B7930017CA84 /* FreeNovelOnlineUITests.xctest */;
			productType = "com.apple.product-type.bundle.ui-testing";
		};
/* End PBXNativeTarget section */

/* Begin PBXProject section */
		41698B971D65B7910017CA84 /* Project object */ = {
			isa = PBXProject;
			attributes = {
				LastSwiftUpdateCheck = 0730;
				LastUpgradeCheck = 0730;
				ORGANIZATIONNAME = "long nguyen";
				TargetAttributes = {
					41698B9E1D65B7920017CA84 = {
						CreatedOnToolsVersion = 7.3;
						DevelopmentTeam = ZTA488SNYR;
						LastSwiftMigration = 0800;
					};
					41698BB21D65B7930017CA84 = {
						CreatedOnToolsVersion = 7.3;
						LastSwiftMigration = 0800;
						TestTargetID = 41698B9E1D65B7920017CA84;
					};
					41698BBD1D65B7930017CA84 = {
						CreatedOnToolsVersion = 7.3;
						LastSwiftMigration = 0800;
						TestTargetID = 41698B9E1D65B7920017CA84;
					};
				};
			};
			buildConfigurationList = 41698B9A1D65B7920017CA84 /* Build configuration list for PBXProject "FreeNovelOnline" */;
			compatibilityVersion = "Xcode 3.2";
			developmentRegion = English;
			hasScannedForEncodings = 0;
			knownRegions = (
				en,
				Base,
			);
			mainGroup = 41698B961D65B7910017CA84;
			productRefGroup = 41698BA01D65B7920017CA84 /* Products */;
			projectDirPath = "";
			projectRoot = "";
			targets = (
				41698B9E1D65B7920017CA84 /* FreeNovelOnline */,
				41698BB21D65B7930017CA84 /* FreeNovelOnlineTests */,
				41698BBD1D65B7930017CA84 /* FreeNovelOnlineUITests */,
			);
		};
/* End PBXProject section */

/* Begin PBXResourcesBuildPhase section */
		41698B9D1D65B7920017CA84 /* Resources */ = {
			isa = PBXResourcesBuildPhase;
			buildActionMask = 2147483647;
			files = (
				414327EB1D87E72F00015F2F /* altp_tet.sqlite3 in Resources */,
				41676E9B1DAB2C7D00A7991E /* GoogleService-Info.plist in Resources */,
				41BEF34C1DC835D100BED5A2 /* Info.plist in Resources */,
				41EEB90C1D926F8700CD27B2 /* SVProgressHUD.bundle in Resources */,
				41B86E9C1D9B45F600B277B4 /* DetailInfoStoryFootererCell.xib in Resources */,
				41698BAD1D65B7920017CA84 /* LaunchScreen.storyboard in Resources */,
				FD5897531DFA87CD00A60D39 /* bubbleShooterAndroid-master.zip in Resources */,
				FD5897551DFA880B00A60D39 /* KM-Bubble-Shooter-master.zip in Resources */,
				41698BAA1D65B7920017CA84 /* Assets.xcassets in Resources */,
				41698BA81D65B7920017CA84 /* Main.storyboard in Resources */,
				41BEF3661DC98EE400BED5A2 /* Info.plist in Resources */,
				41E8399E1D7D4A0C0004804E /* DetailInfoStoryHeaderCell.xib in Resources */,
				41BEF3591DC835D100BED5A2 /* SKPhotoBrowser.bundle in Resources */,
			);
			runOnlyForDeploymentPostprocessing = 0;
		};
		41698BB11D65B7930017CA84 /* Resources */ = {
			isa = PBXResourcesBuildPhase;
			buildActionMask = 2147483647;
			files = (
			);
			runOnlyForDeploymentPostprocessing = 0;
		};
		41698BBC1D65B7930017CA84 /* Resources */ = {
			isa = PBXResourcesBuildPhase;
			buildActionMask = 2147483647;
			files = (
			);
			runOnlyForDeploymentPostprocessing = 0;
		};
/* End PBXResourcesBuildPhase section */

/* Begin PBXShellScriptBuildPhase section */
		4DB094B401141B20F005EA82 /* [CP] Check Pods Manifest.lock */ = {
			isa = PBXShellScriptBuildPhase;
			buildActionMask = 2147483647;
			files = (
			);
			inputPaths = (
			);
			name = "[CP] Check Pods Manifest.lock";
			outputPaths = (
			);
			runOnlyForDeploymentPostprocessing = 0;
			shellPath = /bin/sh;
			shellScript = "diff \"${PODS_ROOT}/../Podfile.lock\" \"${PODS_ROOT}/Manifest.lock\" > /dev/null\nif [[ $? != 0 ]] ; then\n    cat << EOM\nerror: The sandbox is not in sync with the Podfile.lock. Run 'pod install' or update your CocoaPods installation.\nEOM\n    exit 1\nfi\n";
			showEnvVarsInLog = 0;
		};
		540931588E3BA1637575B29F /* [CP] Copy Pods Resources */ = {
			isa = PBXShellScriptBuildPhase;
			buildActionMask = 2147483647;
			files = (
			);
			inputPaths = (
			);
			name = "[CP] Copy Pods Resources";
			outputPaths = (
			);
			runOnlyForDeploymentPostprocessing = 0;
			shellPath = /bin/sh;
			shellScript = "\"${SRCROOT}/Pods/Target Support Files/Pods-FreeNovelOnlineUITests/Pods-FreeNovelOnlineUITests-resources.sh\"\n";
			showEnvVarsInLog = 0;
		};
		6CAA6096BD1BEE480C5BD904 /* [CP] Embed Pods Frameworks */ = {
			isa = PBXShellScriptBuildPhase;
			buildActionMask = 2147483647;
			files = (
			);
			inputPaths = (
			);
			name = "[CP] Embed Pods Frameworks";
			outputPaths = (
			);
			runOnlyForDeploymentPostprocessing = 0;
			shellPath = /bin/sh;
			shellScript = "\"${SRCROOT}/Pods/Target Support Files/Pods-FreeNovelOnlineTests/Pods-FreeNovelOnlineTests-frameworks.sh\"\n";
			showEnvVarsInLog = 0;
		};
		719B2C0B3436167AA367B5C8 /* [CP] Check Pods Manifest.lock */ = {
			isa = PBXShellScriptBuildPhase;
			buildActionMask = 2147483647;
			files = (
			);
			inputPaths = (
			);
			name = "[CP] Check Pods Manifest.lock";
			outputPaths = (
			);
			runOnlyForDeploymentPostprocessing = 0;
			shellPath = /bin/sh;
			shellScript = "diff \"${PODS_ROOT}/../Podfile.lock\" \"${PODS_ROOT}/Manifest.lock\" > /dev/null\nif [[ $? != 0 ]] ; then\n    cat << EOM\nerror: The sandbox is not in sync with the Podfile.lock. Run 'pod install' or update your CocoaPods installation.\nEOM\n    exit 1\nfi\n";
			showEnvVarsInLog = 0;
		};
		8E4AB630F7DB1EEADB1FB9E9 /* [CP] Embed Pods Frameworks */ = {
			isa = PBXShellScriptBuildPhase;
			buildActionMask = 2147483647;
			files = (
			);
			inputPaths = (
			);
			name = "[CP] Embed Pods Frameworks";
			outputPaths = (
			);
			runOnlyForDeploymentPostprocessing = 0;
			shellPath = /bin/sh;
			shellScript = "\"${SRCROOT}/Pods/Target Support Files/Pods-FreeNovelOnline/Pods-FreeNovelOnline-frameworks.sh\"\n";
			showEnvVarsInLog = 0;
		};
		999B9362C9B99DC183DE7BDE /* [CP] Copy Pods Resources */ = {
			isa = PBXShellScriptBuildPhase;
			buildActionMask = 2147483647;
			files = (
			);
			inputPaths = (
			);
			name = "[CP] Copy Pods Resources";
			outputPaths = (
			);
			runOnlyForDeploymentPostprocessing = 0;
			shellPath = /bin/sh;
			shellScript = "\"${SRCROOT}/Pods/Target Support Files/Pods-FreeNovelOnline/Pods-FreeNovelOnline-resources.sh\"\n";
			showEnvVarsInLog = 0;
		};
		B6055B5027964EC555234A6B /* [CP] Check Pods Manifest.lock */ = {
			isa = PBXShellScriptBuildPhase;
			buildActionMask = 2147483647;
			files = (
			);
			inputPaths = (
			);
			name = "[CP] Check Pods Manifest.lock";
			outputPaths = (
			);
			runOnlyForDeploymentPostprocessing = 0;
			shellPath = /bin/sh;
			shellScript = "diff \"${PODS_ROOT}/../Podfile.lock\" \"${PODS_ROOT}/Manifest.lock\" > /dev/null\nif [[ $? != 0 ]] ; then\n    cat << EOM\nerror: The sandbox is not in sync with the Podfile.lock. Run 'pod install' or update your CocoaPods installation.\nEOM\n    exit 1\nfi\n";
			showEnvVarsInLog = 0;
		};
		D5F57F7049D37C92C210F69E /* [CP] Copy Pods Resources */ = {
			isa = PBXShellScriptBuildPhase;
			buildActionMask = 2147483647;
			files = (
			);
			inputPaths = (
			);
			name = "[CP] Copy Pods Resources";
			outputPaths = (
			);
			runOnlyForDeploymentPostprocessing = 0;
			shellPath = /bin/sh;
			shellScript = "\"${SRCROOT}/Pods/Target Support Files/Pods-FreeNovelOnlineTests/Pods-FreeNovelOnlineTests-resources.sh\"\n";
			showEnvVarsInLog = 0;
		};
/* End PBXShellScriptBuildPhase section */

/* Begin PBXSourcesBuildPhase section */
		41698B9B1D65B7920017CA84 /* Sources */ = {
			isa = PBXSourcesBuildPhase;
			buildActionMask = 2147483647;
			files = (
				41BEF34E1DC835D100BED5A2 /* SKButtons.swift in Sources */,
				41BEF35D1DC835D100BED5A2 /* SKToolbar.swift in Sources */,
				41E839981D7D464A0004804E /* DetailInfoStoryTableViewCell.swift in Sources */,
				4105496C1D8021BC004F39E5 /* FRHyperLabel.m in Sources */,
				41A9F3F31DA2A288009BA9A0 /* SplashScreenViewController.swift in Sources */,
				41BEF34F1DC835D100BED5A2 /* SKCache.swift in Sources */,
				41698BE41D65C2590017CA84 /* TFHppleElement.m in Sources */,
				41BEF3671DC98EE400BED5A2 /* TagListView.swift in Sources */,
				41BEF3531DC835D100BED5A2 /* SKDetectingView.swift in Sources */,
				41E839951D7D40A40004804E /* DetailInfoStoryViewController.swift in Sources */,
				41BEF3501DC835D100BED5A2 /* SKCacheable.swift in Sources */,
				410549781D817AB5004F39E5 /* ChapterStoryViewController.swift in Sources */,
				41BEF35C1DC835D100BED5A2 /* SKPhotoBrowserOptions.swift in Sources */,
				41BEF3511DC835D100BED5A2 /* SKCaptionView.swift in Sources */,
				4155D1701D98F5EC00F92FBE /* NSDateHelper.swift in Sources */,
				41EEB90D1D926F8700CD27B2 /* SVProgressHUD.m in Sources */,
				41DFC2BC1DC040DA00239CC2 /* LoadImageManager.swift in Sources */,
				41EEB90B1D926F8700CD27B2 /* SVIndefiniteAnimatedView.m in Sources */,
				41E839A01D7D87BF0004804E /* StoryInfoModel.swift in Sources */,
				4167BCBF1D9ABAC7004B610B /* AdTableViewCell.swift in Sources */,
				4197927C1D7426430068BBD5 /* RecentViewController.swift in Sources */,
				41CB6B361D851AF700B95660 /* Constant.swift in Sources */,
				41BEF3581DC835D100BED5A2 /* SKPhoto.swift in Sources */,
				4105497E1D8264AB004F39E5 /* CommonMainNavigationView.swift in Sources */,
				41BEF34A1DC835D100BED5A2 /* UIImage+Rotation.swift in Sources */,
				41BEF3541DC835D100BED5A2 /* SKIndicatorView.swift in Sources */,
				41BEF3561DC835D100BED5A2 /* SKMesurement.swift in Sources */,
				41B86E9B1D9B45F600B277B4 /* DetailInfoStoryFootererCell.swift in Sources */,
				41BEF35B1DC835D100BED5A2 /* SKPhotoBrowserDelegate.swift in Sources */,
				41BEF3551DC835D100BED5A2 /* SKLocalPhoto.swift in Sources */,
				410549711D8112D2004F39E5 /* UIVerticalAlignLabel.swift in Sources */,
				41BEF3571DC835D100BED5A2 /* SKPagingScrollView.swift in Sources */,
				41698BE51D65C2590017CA84 /* XPathQuery.m in Sources */,
				4155D1721D98F85D00F92FBE /* StoryTableViewCell2.swift in Sources */,
				FD2ED7951DE7D6DA007C1949 /* LastestUpdateViewController.swift in Sources */,
				41698BE31D65C2590017CA84 /* TFHpple.m in Sources */,
				41B86E9E1D9B904F00B277B4 /* HomeAdCollectionViewCell.swift in Sources */,
				41698BA31D65B7920017CA84 /* AppDelegate.swift in Sources */,
				41BEF36A1DC990C500BED5A2 /* FilterTableViewCell.swift in Sources */,
				419792751D740C480068BBD5 /* BaseViewController.swift in Sources */,
				41BEF3521DC835D100BED5A2 /* SKDetectingImageView.swift in Sources */,
				41BEF3681DC98EE400BED5A2 /* TagView.swift in Sources */,
				FD484A4B1DF5471D009FB630 /* StoryTableViewCell4.swift in Sources */,
				41CB6B321D82C82500B95660 /* ChapterTableViewCell.swift in Sources */,
				41CB6B3E1D85496300B95660 /* FilterStoryViewController.swift in Sources */,
				41E839A21D7D87F50004804E /* Item.swift in Sources */,
				419792721D740C1A0068BBD5 /* HomeViewController.swift in Sources */,
				FD2ED7961DE7D6DA007C1949 /* StoryTableViewCell3.swift in Sources */,
				4197927E1D7426580068BBD5 /* SavedViewController.swift in Sources */,
				41BEF3651DC98EE400BED5A2 /* CloseButton.swift in Sources */,
				4105497D1D8264AB004F39E5 /* UINavigationBar+Custom.swift in Sources */,
				4197926E1D73CDB80068BBD5 /* StoryTableViewCell.swift in Sources */,
				41DFC2BF1DC1BF5A00239CC2 /* PopulerViewController.swift in Sources */,
				414327ED1D87EDB200015F2F /* RequestModel.swift in Sources */,
				41CB6B391D85367200B95660 /* SearchStoryViewController.swift in Sources */,
				41BEF35A1DC835D100BED5A2 /* SKPhotoBrowser.swift in Sources */,
				FD2ED7671DE43E5C007C1949 /* FilterPopularStoryViewController.swift in Sources */,
				41BEF34D1DC835D100BED5A2 /* SKAnimator.swift in Sources */,
				41E8399C1D7D49FC0004804E /* DetailInfoStoryHeaderCell.swift in Sources */,
				414327E91D87AD0C00015F2F /* DatabaseHelper.swift in Sources */,
				41E839921D7D00710004804E /* LoadImgWebservice.swift in Sources */,
				4105497F1D8264AB004F39E5 /* DiscoverNavigationBarCustom.swift in Sources */,
				41BEF34B1DC835D100BED5A2 /* UIView+Radius.swift in Sources */,
				4105496F1D8024D0004F39E5 /* Utils.swift in Sources */,
				41E839A41D7D882B0004804E /* StoryFullInfoModel.swift in Sources */,
				419792781D740D3F0068BBD5 /* TabbarViewController.swift in Sources */,
				41FA35AA1D771C890013E0F0 /* HomeCollectionViewCell.swift in Sources */,
				41CB6B3B1D853BF300B95660 /* StoryTableViewCell1.swift in Sources */,
				41BEF3301DC71ABB00BED5A2 /* BaseWebservice.swift in Sources */,
				41BEF35E1DC835D100BED5A2 /* SKZoomingScrollView.swift in Sources */,
			);
			runOnlyForDeploymentPostprocessing = 0;
		};
		41698BAF1D65B7930017CA84 /* Sources */ = {
			isa = PBXSourcesBuildPhase;
			buildActionMask = 2147483647;
			files = (
				41698BB81D65B7930017CA84 /* FreeNovelOnlineTests.swift in Sources */,
			);
			runOnlyForDeploymentPostprocessing = 0;
		};
		41698BBA1D65B7930017CA84 /* Sources */ = {
			isa = PBXSourcesBuildPhase;
			buildActionMask = 2147483647;
			files = (
				41698BC31D65B7930017CA84 /* FreeNovelOnlineUITests.swift in Sources */,
			);
			runOnlyForDeploymentPostprocessing = 0;
		};
/* End PBXSourcesBuildPhase section */

/* Begin PBXTargetDependency section */
		41698BB51D65B7930017CA84 /* PBXTargetDependency */ = {
			isa = PBXTargetDependency;
			target = 41698B9E1D65B7920017CA84 /* FreeNovelOnline */;
			targetProxy = 41698BB41D65B7930017CA84 /* PBXContainerItemProxy */;
		};
		41698BC01D65B7930017CA84 /* PBXTargetDependency */ = {
			isa = PBXTargetDependency;
			target = 41698B9E1D65B7920017CA84 /* FreeNovelOnline */;
			targetProxy = 41698BBF1D65B7930017CA84 /* PBXContainerItemProxy */;
		};
/* End PBXTargetDependency section */

/* Begin PBXVariantGroup section */
		41698BA61D65B7920017CA84 /* Main.storyboard */ = {
			isa = PBXVariantGroup;
			children = (
				41698BA71D65B7920017CA84 /* Base */,
			);
			name = Main.storyboard;
			sourceTree = "<group>";
		};
		41698BAB1D65B7920017CA84 /* LaunchScreen.storyboard */ = {
			isa = PBXVariantGroup;
			children = (
				41698BAC1D65B7920017CA84 /* Base */,
			);
			name = LaunchScreen.storyboard;
			sourceTree = "<group>";
		};
/* End PBXVariantGroup section */

/* Begin XCBuildConfiguration section */
		41698BC51D65B7930017CA84 /* Debug */ = {
			isa = XCBuildConfiguration;
			buildSettings = {
				ALWAYS_SEARCH_USER_PATHS = NO;
				CLANG_ANALYZER_NONNULL = YES;
				CLANG_CXX_LANGUAGE_STANDARD = "gnu++0x";
				CLANG_CXX_LIBRARY = "libc++";
				CLANG_ENABLE_MODULES = YES;
				CLANG_ENABLE_OBJC_ARC = YES;
				CLANG_WARN_BOOL_CONVERSION = YES;
				CLANG_WARN_CONSTANT_CONVERSION = YES;
				CLANG_WARN_DIRECT_OBJC_ISA_USAGE = YES_ERROR;
				CLANG_WARN_EMPTY_BODY = YES;
				CLANG_WARN_ENUM_CONVERSION = YES;
				CLANG_WARN_INT_CONVERSION = YES;
				CLANG_WARN_OBJC_ROOT_CLASS = YES_ERROR;
				CLANG_WARN_UNREACHABLE_CODE = YES;
				CLANG_WARN__DUPLICATE_METHOD_MATCH = YES;
				"CODE_SIGN_IDENTITY[sdk=iphoneos*]" = "iPhone Developer";
				COPY_PHASE_STRIP = NO;
				DEBUG_INFORMATION_FORMAT = dwarf;
				ENABLE_STRICT_OBJC_MSGSEND = YES;
				ENABLE_TESTABILITY = YES;
				GCC_C_LANGUAGE_STANDARD = gnu99;
				GCC_DYNAMIC_NO_PIC = NO;
				GCC_NO_COMMON_BLOCKS = YES;
				GCC_OPTIMIZATION_LEVEL = 0;
				GCC_PREPROCESSOR_DEFINITIONS = (
					"DEBUG=1",
					"$(inherited)",
				);
				GCC_WARN_64_TO_32_BIT_CONVERSION = YES;
				GCC_WARN_ABOUT_RETURN_TYPE = YES_ERROR;
				GCC_WARN_UNDECLARED_SELECTOR = YES;
				GCC_WARN_UNINITIALIZED_AUTOS = YES_AGGRESSIVE;
				GCC_WARN_UNUSED_FUNCTION = YES;
				GCC_WARN_UNUSED_VARIABLE = YES;
				IPHONEOS_DEPLOYMENT_TARGET = 9.3;
				MTL_ENABLE_DEBUG_INFO = YES;
				ONLY_ACTIVE_ARCH = YES;
				SDKROOT = iphoneos;
				SWIFT_OPTIMIZATION_LEVEL = "-Onone";
			};
			name = Debug;
		};
		41698BC61D65B7930017CA84 /* Release */ = {
			isa = XCBuildConfiguration;
			buildSettings = {
				ALWAYS_SEARCH_USER_PATHS = NO;
				CLANG_ANALYZER_NONNULL = YES;
				CLANG_CXX_LANGUAGE_STANDARD = "gnu++0x";
				CLANG_CXX_LIBRARY = "libc++";
				CLANG_ENABLE_MODULES = YES;
				CLANG_ENABLE_OBJC_ARC = YES;
				CLANG_WARN_BOOL_CONVERSION = YES;
				CLANG_WARN_CONSTANT_CONVERSION = YES;
				CLANG_WARN_DIRECT_OBJC_ISA_USAGE = YES_ERROR;
				CLANG_WARN_EMPTY_BODY = YES;
				CLANG_WARN_ENUM_CONVERSION = YES;
				CLANG_WARN_INT_CONVERSION = YES;
				CLANG_WARN_OBJC_ROOT_CLASS = YES_ERROR;
				CLANG_WARN_UNREACHABLE_CODE = YES;
				CLANG_WARN__DUPLICATE_METHOD_MATCH = YES;
				"CODE_SIGN_IDENTITY[sdk=iphoneos*]" = "iPhone Developer";
				COPY_PHASE_STRIP = NO;
				DEBUG_INFORMATION_FORMAT = "dwarf-with-dsym";
				ENABLE_NS_ASSERTIONS = NO;
				ENABLE_STRICT_OBJC_MSGSEND = YES;
				GCC_C_LANGUAGE_STANDARD = gnu99;
				GCC_NO_COMMON_BLOCKS = YES;
				GCC_WARN_64_TO_32_BIT_CONVERSION = YES;
				GCC_WARN_ABOUT_RETURN_TYPE = YES_ERROR;
				GCC_WARN_UNDECLARED_SELECTOR = YES;
				GCC_WARN_UNINITIALIZED_AUTOS = YES_AGGRESSIVE;
				GCC_WARN_UNUSED_FUNCTION = YES;
				GCC_WARN_UNUSED_VARIABLE = YES;
				IPHONEOS_DEPLOYMENT_TARGET = 9.3;
				MTL_ENABLE_DEBUG_INFO = NO;
				SDKROOT = iphoneos;
				VALIDATE_PRODUCT = YES;
			};
			name = Release;
		};
		41698BC81D65B7930017CA84 /* Debug */ = {
			isa = XCBuildConfiguration;
			baseConfigurationReference = 0F417D9D3CDFCAA22E9071FD /* Pods-FreeNovelOnline.debug.xcconfig */;
			buildSettings = {
				ASSETCATALOG_COMPILER_APPICON_NAME = AppIcon;
				CLANG_ENABLE_MODULES = YES;
				CODE_SIGN_IDENTITY = "iPhone Developer";
				DEVELOPMENT_TEAM = ZTA488SNYR;
				HEADER_SEARCH_PATHS = (
					"$(inherited)",
					"${PODS_ROOT}/Firebase/Analytics/Sources",
					"$(inherited)",
					"\"${PODS_ROOT}/Headers/Public\"",
					"\"${PODS_ROOT}/Headers/Public/Firebase\"",
					"\"${PODS_ROOT}/Headers/Public/FirebaseAnalytics\"",
					"\"${PODS_ROOT}/Headers/Public/FirebaseInstanceID\"",
					"\"${PODS_ROOT}/Headers/Public/Google-Mobile-Ads-SDK\"",
					"\"${PODS_ROOT}/Headers/Public/GoogleInterchangeUtilities\"",
					"\"${PODS_ROOT}/Headers/Public/GoogleSymbolUtilities\"",
					"\"${PODS_ROOT}/Headers/Public/GoogleUtilities\"",
					"$(SDKROOT)/usr/include/libxml2",
				);
				INFOPLIST_FILE = FreeNovelOnline/Info.plist;
				IPHONEOS_DEPLOYMENT_TARGET = 8.0;
				LD_RUNPATH_SEARCH_PATHS = "$(inherited) @executable_path/Frameworks";
				PRODUCT_BUNDLE_IDENTIFIER = com.philong.comic1;
				PRODUCT_NAME = "$(TARGET_NAME)";
				SWIFT_OBJC_BRIDGING_HEADER = "FreeNovelOnline/ThirtParty/FreeNovelOnline-Bridging-Header.h";
				SWIFT_OPTIMIZATION_LEVEL = "-Onone";
				SWIFT_VERSION = 2.3;
				TARGETED_DEVICE_FAMILY = "1,2";
			};
			name = Debug;
		};
		41698BC91D65B7930017CA84 /* Release */ = {
			isa = XCBuildConfiguration;
			baseConfigurationReference = 4E9ED9116729A650F656B205 /* Pods-FreeNovelOnline.release.xcconfig */;
			buildSettings = {
				ASSETCATALOG_COMPILER_APPICON_NAME = AppIcon;
				CLANG_ENABLE_MODULES = YES;
				CODE_SIGN_IDENTITY = "iPhone Developer";
				DEVELOPMENT_TEAM = ZTA488SNYR;
				HEADER_SEARCH_PATHS = (
					"$(inherited)",
					"${PODS_ROOT}/Firebase/Analytics/Sources",
					"$(inherited)",
					"\"${PODS_ROOT}/Headers/Public\"",
					"\"${PODS_ROOT}/Headers/Public/Firebase\"",
					"\"${PODS_ROOT}/Headers/Public/FirebaseAnalytics\"",
					"\"${PODS_ROOT}/Headers/Public/FirebaseInstanceID\"",
					"\"${PODS_ROOT}/Headers/Public/Google-Mobile-Ads-SDK\"",
					"\"${PODS_ROOT}/Headers/Public/GoogleInterchangeUtilities\"",
					"\"${PODS_ROOT}/Headers/Public/GoogleSymbolUtilities\"",
					"\"${PODS_ROOT}/Headers/Public/GoogleUtilities\"",
					"$(SDKROOT)/usr/include/libxml2",
				);
				INFOPLIST_FILE = FreeNovelOnline/Info.plist;
				IPHONEOS_DEPLOYMENT_TARGET = 8.0;
				LD_RUNPATH_SEARCH_PATHS = "$(inherited) @executable_path/Frameworks";
				PRODUCT_BUNDLE_IDENTIFIER = com.philong.comic1;
				PRODUCT_NAME = "$(TARGET_NAME)";
				SWIFT_OBJC_BRIDGING_HEADER = "FreeNovelOnline/ThirtParty/FreeNovelOnline-Bridging-Header.h";
				SWIFT_VERSION = 2.3;
				TARGETED_DEVICE_FAMILY = "1,2";
			};
			name = Release;
		};
		41698BCB1D65B7930017CA84 /* Debug */ = {
			isa = XCBuildConfiguration;
			baseConfigurationReference = 123D293324D8246D077AFC19 /* Pods-FreeNovelOnlineTests.debug.xcconfig */;
			buildSettings = {
				BUNDLE_LOADER = "$(TEST_HOST)";
				INFOPLIST_FILE = FreeNovelOnlineTests/Info.plist;
				LD_RUNPATH_SEARCH_PATHS = "$(inherited) @executable_path/Frameworks @loader_path/Frameworks";
				PRODUCT_BUNDLE_IDENTIFIER = philong.FreeNovelOnlineTests;
				PRODUCT_NAME = "$(TARGET_NAME)";
				SWIFT_VERSION = 2.3;
				TEST_HOST = "$(BUILT_PRODUCTS_DIR)/FreeNovelOnline.app/FreeNovelOnline";
			};
			name = Debug;
		};
		41698BCC1D65B7930017CA84 /* Release */ = {
			isa = XCBuildConfiguration;
			baseConfigurationReference = 3C9AEEB9DF28E24EBEED8CC0 /* Pods-FreeNovelOnlineTests.release.xcconfig */;
			buildSettings = {
				BUNDLE_LOADER = "$(TEST_HOST)";
				INFOPLIST_FILE = FreeNovelOnlineTests/Info.plist;
				LD_RUNPATH_SEARCH_PATHS = "$(inherited) @executable_path/Frameworks @loader_path/Frameworks";
				PRODUCT_BUNDLE_IDENTIFIER = philong.FreeNovelOnlineTests;
				PRODUCT_NAME = "$(TARGET_NAME)";
				SWIFT_VERSION = 2.3;
				TEST_HOST = "$(BUILT_PRODUCTS_DIR)/FreeNovelOnline.app/FreeNovelOnline";
			};
			name = Release;
		};
		41698BCE1D65B7930017CA84 /* Debug */ = {
			isa = XCBuildConfiguration;
			baseConfigurationReference = E58BA13EC4E4EAF05C7D793D /* Pods-FreeNovelOnlineUITests.debug.xcconfig */;
			buildSettings = {
				INFOPLIST_FILE = FreeNovelOnlineUITests/Info.plist;
				LD_RUNPATH_SEARCH_PATHS = "$(inherited) @executable_path/Frameworks @loader_path/Frameworks";
				PRODUCT_BUNDLE_IDENTIFIER = philong.FreeNovelOnlineUITests;
				PRODUCT_NAME = "$(TARGET_NAME)";
				SWIFT_VERSION = 2.3;
				TEST_TARGET_NAME = FreeNovelOnline;
			};
			name = Debug;
		};
		41698BCF1D65B7930017CA84 /* Release */ = {
			isa = XCBuildConfiguration;
			baseConfigurationReference = 6FFD8046260BF01F1A441EB8 /* Pods-FreeNovelOnlineUITests.release.xcconfig */;
			buildSettings = {
				INFOPLIST_FILE = FreeNovelOnlineUITests/Info.plist;
				LD_RUNPATH_SEARCH_PATHS = "$(inherited) @executable_path/Frameworks @loader_path/Frameworks";
				PRODUCT_BUNDLE_IDENTIFIER = philong.FreeNovelOnlineUITests;
				PRODUCT_NAME = "$(TARGET_NAME)";
				SWIFT_VERSION = 2.3;
				TEST_TARGET_NAME = FreeNovelOnline;
			};
			name = Release;
		};
/* End XCBuildConfiguration section */

/* Begin XCConfigurationList section */
		41698B9A1D65B7920017CA84 /* Build configuration list for PBXProject "FreeNovelOnline" */ = {
			isa = XCConfigurationList;
			buildConfigurations = (
				41698BC51D65B7930017CA84 /* Debug */,
				41698BC61D65B7930017CA84 /* Release */,
			);
			defaultConfigurationIsVisible = 0;
			defaultConfigurationName = Release;
		};
		41698BC71D65B7930017CA84 /* Build configuration list for PBXNativeTarget "FreeNovelOnline" */ = {
			isa = XCConfigurationList;
			buildConfigurations = (
				41698BC81D65B7930017CA84 /* Debug */,
				41698BC91D65B7930017CA84 /* Release */,
			);
			defaultConfigurationIsVisible = 0;
			defaultConfigurationName = Release;
		};
		41698BCA1D65B7930017CA84 /* Build configuration list for PBXNativeTarget "FreeNovelOnlineTests" */ = {
			isa = XCConfigurationList;
			buildConfigurations = (
				41698BCB1D65B7930017CA84 /* Debug */,
				41698BCC1D65B7930017CA84 /* Release */,
			);
			defaultConfigurationIsVisible = 0;
			defaultConfigurationName = Release;
		};
		41698BCD1D65B7930017CA84 /* Build configuration list for PBXNativeTarget "FreeNovelOnlineUITests" */ = {
			isa = XCConfigurationList;
			buildConfigurations = (
				41698BCE1D65B7930017CA84 /* Debug */,
				41698BCF1D65B7930017CA84 /* Release */,
			);
			defaultConfigurationIsVisible = 0;
			defaultConfigurationName = Release;
		};
/* End XCConfigurationList section */
	};
	rootObject = 41698B971D65B7910017CA84 /* Project object */;
}
